// !$*UTF8*$!
{
	archiveVersion = 1;
	classes = {
	};
	objectVersion = 50;
	objects = {

/* Begin PBXBuildFile section */
		A78B0DF6228D39F600D0B275 /* Giuk_MainFrame_ContainerView.swift in Sources */ = {isa = PBXBuildFile; fileRef = A78B0DF5228D39F600D0B275 /* Giuk_MainFrame_ContainerView.swift */; };
		A78B0DF8228D9D2900D0B275 /* Giuk_MainButtonItem.swift in Sources */ = {isa = PBXBuildFile; fileRef = A78B0DF7228D9D2900D0B275 /* Giuk_MainButtonItem.swift */; };
		A7A6A5FB228A4CCA001FCA4D /* AppDelegate.swift in Sources */ = {isa = PBXBuildFile; fileRef = A7A6A5FA228A4CCA001FCA4D /* AppDelegate.swift */; };
		A7A6A600228A4CCA001FCA4D /* Main.storyboard in Resources */ = {isa = PBXBuildFile; fileRef = A7A6A5FE228A4CCA001FCA4D /* Main.storyboard */; };
		A7A6A603228A4CCA001FCA4D /* Gi_ukForMoments.xcdatamodeld in Sources */ = {isa = PBXBuildFile; fileRef = A7A6A601228A4CCA001FCA4D /* Gi_ukForMoments.xcdatamodeld */; };
		A7A6A605228A4CCE001FCA4D /* Assets.xcassets in Resources */ = {isa = PBXBuildFile; fileRef = A7A6A604228A4CCE001FCA4D /* Assets.xcassets */; };
		A7A6A608228A4CCE001FCA4D /* LaunchScreen.storyboard in Resources */ = {isa = PBXBuildFile; fileRef = A7A6A606228A4CCE001FCA4D /* LaunchScreen.storyboard */; };
		A7A6A610228A4D1A001FCA4D /* ContentUIViewController.swift in Sources */ = {isa = PBXBuildFile; fileRef = A7A6A60F228A4D19001FCA4D /* ContentUIViewController.swift */; };
		A7A6A612228A4EAC001FCA4D /* PublicExtentions.swift in Sources */ = {isa = PBXBuildFile; fileRef = A7A6A611228A4EAC001FCA4D /* PublicExtentions.swift */; };
		A7A6A61A228B9249001FCA4D /* Giuk_MainFrameViewController.swift in Sources */ = {isa = PBXBuildFile; fileRef = A7A6A619228B9249001FCA4D /* Giuk_MainFrameViewController.swift */; };
		A7A6A61E228B9C1B001FCA4D /* GenericMultiButtonView.swift in Sources */ = {isa = PBXBuildFile; fileRef = A7A6A61D228B9C1B001FCA4D /* GenericMultiButtonView.swift */; };
		A7A6A620228BA048001FCA4D /* ButtonGridManager.swift in Sources */ = {isa = PBXBuildFile; fileRef = A7A6A61F228BA048001FCA4D /* ButtonGridManager.swift */; };
/* End PBXBuildFile section */

/* Begin PBXFileReference section */
		A78B0DF5228D39F600D0B275 /* Giuk_MainFrame_ContainerView.swift */ = {isa = PBXFileReference; lastKnownFileType = sourcecode.swift; path = Giuk_MainFrame_ContainerView.swift; sourceTree = "<group>"; };
		A78B0DF7228D9D2900D0B275 /* Giuk_MainButtonItem.swift */ = {isa = PBXFileReference; lastKnownFileType = sourcecode.swift; path = Giuk_MainButtonItem.swift; sourceTree = "<group>"; };
		A7A6A5F7228A4CCA001FCA4D /* Gi-ukForMoments.app */ = {isa = PBXFileReference; explicitFileType = wrapper.application; includeInIndex = 0; path = "Gi-ukForMoments.app"; sourceTree = BUILT_PRODUCTS_DIR; };
		A7A6A5FA228A4CCA001FCA4D /* AppDelegate.swift */ = {isa = PBXFileReference; lastKnownFileType = sourcecode.swift; path = AppDelegate.swift; sourceTree = "<group>"; };
		A7A6A5FF228A4CCA001FCA4D /* Base */ = {isa = PBXFileReference; lastKnownFileType = file.storyboard; name = Base; path = Base.lproj/Main.storyboard; sourceTree = "<group>"; };
		A7A6A602228A4CCA001FCA4D /* Gi_ukForMoments.xcdatamodel */ = {isa = PBXFileReference; lastKnownFileType = wrapper.xcdatamodel; path = Gi_ukForMoments.xcdatamodel; sourceTree = "<group>"; };
		A7A6A604228A4CCE001FCA4D /* Assets.xcassets */ = {isa = PBXFileReference; lastKnownFileType = folder.assetcatalog; path = Assets.xcassets; sourceTree = "<group>"; };
		A7A6A607228A4CCE001FCA4D /* Base */ = {isa = PBXFileReference; lastKnownFileType = file.storyboard; name = Base; path = Base.lproj/LaunchScreen.storyboard; sourceTree = "<group>"; };
		A7A6A609228A4CCE001FCA4D /* Info.plist */ = {isa = PBXFileReference; lastKnownFileType = text.plist.xml; path = Info.plist; sourceTree = "<group>"; };
		A7A6A60F228A4D19001FCA4D /* ContentUIViewController.swift */ = {isa = PBXFileReference; fileEncoding = 4; lastKnownFileType = sourcecode.swift; path = ContentUIViewController.swift; sourceTree = "<group>"; };
		A7A6A611228A4EAC001FCA4D /* PublicExtentions.swift */ = {isa = PBXFileReference; fileEncoding = 4; lastKnownFileType = sourcecode.swift; path = PublicExtentions.swift; sourceTree = "<group>"; };
		A7A6A619228B9249001FCA4D /* Giuk_MainFrameViewController.swift */ = {isa = PBXFileReference; lastKnownFileType = sourcecode.swift; path = Giuk_MainFrameViewController.swift; sourceTree = "<group>"; };
		A7A6A61D228B9C1B001FCA4D /* GenericMultiButtonView.swift */ = {isa = PBXFileReference; fileEncoding = 4; lastKnownFileType = sourcecode.swift; path = GenericMultiButtonView.swift; sourceTree = "<group>"; };
		A7A6A61F228BA048001FCA4D /* ButtonGridManager.swift */ = {isa = PBXFileReference; lastKnownFileType = sourcecode.swift; path = ButtonGridManager.swift; sourceTree = "<group>"; };
/* End PBXFileReference section */

/* Begin PBXFrameworksBuildPhase section */
		A7A6A5F4228A4CCA001FCA4D /* Frameworks */ = {
			isa = PBXFrameworksBuildPhase;
			buildActionMask = 2147483647;
			files = (
			);
			runOnlyForDeploymentPostprocessing = 0;
		};
/* End PBXFrameworksBuildPhase section */

/* Begin PBXGroup section */
		A78B0DF9228D9D4A00D0B275 /* Giuk Main Container View */ = {
			isa = PBXGroup;
			children = (
				A78B0DF5228D39F600D0B275 /* Giuk_MainFrame_ContainerView.swift */,
				A78B0DF7228D9D2900D0B275 /* Giuk_MainButtonItem.swift */,
			);
			path = "Giuk Main Container View";
			sourceTree = "<group>";
		};
		A78B0DFA228D9D8900D0B275 /* Grid Managers */ = {
			isa = PBXGroup;
			children = (
				A7A6A61F228BA048001FCA4D /* ButtonGridManager.swift */,
			);
			path = "Grid Managers";
			sourceTree = "<group>";
		};
		A7A6A5EE228A4CC9001FCA4D = {
			isa = PBXGroup;
			children = (
				A7A6A5F9228A4CCA001FCA4D /* Gi-ukForMoments */,
				A7A6A5F8228A4CCA001FCA4D /* Products */,
			);
			sourceTree = "<group>";
		};
		A7A6A5F8228A4CCA001FCA4D /* Products */ = {
			isa = PBXGroup;
			children = (
				A7A6A5F7228A4CCA001FCA4D /* Gi-ukForMoments.app */,
			);
			name = Products;
			sourceTree = "<group>";
		};
		A7A6A5F9228A4CCA001FCA4D /* Gi-ukForMoments */ = {
			isa = PBXGroup;
			children = (
				A7A6A5FE228A4CCA001FCA4D /* Main.storyboard */,
				A7A6A616228A4F12001FCA4D /* Generic Support Sources */,
				A7A6A613228A4EB9001FCA4D /* MainView */,
				A7A6A614228A4EDE001FCA4D /* Supporing Files */,
				A7A6A604228A4CCE001FCA4D /* Assets.xcassets */,
				A7A6A609228A4CCE001FCA4D /* Info.plist */,
				A7A6A606228A4CCE001FCA4D /* LaunchScreen.storyboard */,
				A7A6A615228A4EFB001FCA4D /* Data Model */,
			);
			path = "Gi-ukForMoments";
			sourceTree = "<group>";
		};
		A7A6A613228A4EB9001FCA4D /* MainView */ = {
			isa = PBXGroup;
			children = (
				A78B0DF9228D9D4A00D0B275 /* Giuk Main Container View */,
				A7A6A619228B9249001FCA4D /* Giuk_MainFrameViewController.swift */,
			);
			path = MainView;
			sourceTree = "<group>";
		};
		A7A6A614228A4EDE001FCA4D /* Supporing Files */ = {
			isa = PBXGroup;
			children = (
				A7A6A5FA228A4CCA001FCA4D /* AppDelegate.swift */,
				A7A6A611228A4EAC001FCA4D /* PublicExtentions.swift */,
			);
			path = "Supporing Files";
			sourceTree = "<group>";
		};
		A7A6A615228A4EFB001FCA4D /* Data Model */ = {
			isa = PBXGroup;
			children = (
				A7A6A601228A4CCA001FCA4D /* Gi_ukForMoments.xcdatamodeld */,
			);
			path = "Data Model";
			sourceTree = "<group>";
		};
		A7A6A616228A4F12001FCA4D /* Generic Support Sources */ = {
			isa = PBXGroup;
			children = (
				A7A6A60F228A4D19001FCA4D /* ContentUIViewController.swift */,
				A7A6A61D228B9C1B001FCA4D /* GenericMultiButtonView.swift */,
				A78B0DFA228D9D8900D0B275 /* Grid Managers */,
			);
			path = "Generic Support Sources";
			sourceTree = "<group>";
		};
/* End PBXGroup section */

/* Begin PBXNativeTarget section */
		A7A6A5F6228A4CCA001FCA4D /* Gi-ukForMoments */ = {
			isa = PBXNativeTarget;
			buildConfigurationList = A7A6A60C228A4CCE001FCA4D /* Build configuration list for PBXNativeTarget "Gi-ukForMoments" */;
			buildPhases = (
				A7A6A5F3228A4CCA001FCA4D /* Sources */,
				A7A6A5F4228A4CCA001FCA4D /* Frameworks */,
				A7A6A5F5228A4CCA001FCA4D /* Resources */,
			);
			buildRules = (
			);
			dependencies = (
			);
			name = "Gi-ukForMoments";
			productName = "Gi-ukForMoments";
			productReference = A7A6A5F7228A4CCA001FCA4D /* Gi-ukForMoments.app */;
			productType = "com.apple.product-type.application";
		};
/* End PBXNativeTarget section */

/* Begin PBXProject section */
		A7A6A5EF228A4CC9001FCA4D /* Project object */ = {
			isa = PBXProject;
			attributes = {
				LastSwiftUpdateCheck = 1020;
				LastUpgradeCheck = 1020;
				ORGANIZATIONNAME = goya;
				TargetAttributes = {
					A7A6A5F6228A4CCA001FCA4D = {
						CreatedOnToolsVersion = 10.2.1;
					};
				};
			};
			buildConfigurationList = A7A6A5F2228A4CC9001FCA4D /* Build configuration list for PBXProject "Gi-ukForMoments" */;
			compatibilityVersion = "Xcode 9.3";
			developmentRegion = en;
			hasScannedForEncodings = 0;
			knownRegions = (
				en,
				Base,
			);
			mainGroup = A7A6A5EE228A4CC9001FCA4D;
			productRefGroup = A7A6A5F8228A4CCA001FCA4D /* Products */;
			projectDirPath = "";
			projectRoot = "";
			targets = (
				A7A6A5F6228A4CCA001FCA4D /* Gi-ukForMoments */,
			);
		};
/* End PBXProject section */

/* Begin PBXResourcesBuildPhase section */
		A7A6A5F5228A4CCA001FCA4D /* Resources */ = {
			isa = PBXResourcesBuildPhase;
			buildActionMask = 2147483647;
			files = (
				A7A6A608228A4CCE001FCA4D /* LaunchScreen.storyboard in Resources */,
				A7A6A605228A4CCE001FCA4D /* Assets.xcassets in Resources */,
				A7A6A600228A4CCA001FCA4D /* Main.storyboard in Resources */,
			);
			runOnlyForDeploymentPostprocessing = 0;
		};
/* End PBXResourcesBuildPhase section */

/* Begin PBXSourcesBuildPhase section */
		A7A6A5F3228A4CCA001FCA4D /* Sources */ = {
			isa = PBXSourcesBuildPhase;
			buildActionMask = 2147483647;
			files = (
				A7A6A610228A4D1A001FCA4D /* ContentUIViewController.swift in Sources */,
				A7A6A61A228B9249001FCA4D /* Giuk_MainFrameViewController.swift in Sources */,
				A7A6A603228A4CCA001FCA4D /* Gi_ukForMoments.xcdatamodeld in Sources */,
				A7A6A61E228B9C1B001FCA4D /* GenericMultiButtonView.swift in Sources */,
				A7A6A620228BA048001FCA4D /* ButtonGridManager.swift in Sources */,
				A78B0DF6228D39F600D0B275 /* Giuk_MainFrame_ContainerView.swift in Sources */,
				A78B0DF8228D9D2900D0B275 /* Giuk_MainButtonItem.swift in Sources */,
				A7A6A612228A4EAC001FCA4D /* PublicExtentions.swift in Sources */,
				A7A6A5FB228A4CCA001FCA4D /* AppDelegate.swift in Sources */,
			);
			runOnlyForDeploymentPostprocessing = 0;
		};
/* End PBXSourcesBuildPhase section */

/* Begin PBXVariantGroup section */
		A7A6A5FE228A4CCA001FCA4D /* Main.storyboard */ = {
			isa = PBXVariantGroup;
			children = (
				A7A6A5FF228A4CCA001FCA4D /* Base */,
			);
			name = Main.storyboard;
			sourceTree = "<group>";
		};
		A7A6A606228A4CCE001FCA4D /* LaunchScreen.storyboard */ = {
			isa = PBXVariantGroup;
			children = (
				A7A6A607228A4CCE001FCA4D /* Base */,
			);
			name = LaunchScreen.storyboard;
			sourceTree = "<group>";
		};
/* End PBXVariantGroup section */

/* Begin XCBuildConfiguration section */
		A7A6A60A228A4CCE001FCA4D /* Debug */ = {
			isa = XCBuildConfiguration;
			buildSettings = {
				ALWAYS_SEARCH_USER_PATHS = NO;
				CLANG_ANALYZER_NONNULL = YES;
				CLANG_ANALYZER_NUMBER_OBJECT_CONVERSION = YES_AGGRESSIVE;
				CLANG_CXX_LANGUAGE_STANDARD = "gnu++14";
				CLANG_CXX_LIBRARY = "libc++";
				CLANG_ENABLE_MODULES = YES;
				CLANG_ENABLE_OBJC_ARC = YES;
				CLANG_ENABLE_OBJC_WEAK = YES;
				CLANG_WARN_BLOCK_CAPTURE_AUTORELEASING = YES;
				CLANG_WARN_BOOL_CONVERSION = YES;
				CLANG_WARN_COMMA = YES;
				CLANG_WARN_CONSTANT_CONVERSION = YES;
				CLANG_WARN_DEPRECATED_OBJC_IMPLEMENTATIONS = YES;
				CLANG_WARN_DIRECT_OBJC_ISA_USAGE = YES_ERROR;
				CLANG_WARN_DOCUMENTATION_COMMENTS = YES;
				CLANG_WARN_EMPTY_BODY = YES;
				CLANG_WARN_ENUM_CONVERSION = YES;
				CLANG_WARN_INFINITE_RECURSION = YES;
				CLANG_WARN_INT_CONVERSION = YES;
				CLANG_WARN_NON_LITERAL_NULL_CONVERSION = YES;
				CLANG_WARN_OBJC_IMPLICIT_RETAIN_SELF = YES;
				CLANG_WARN_OBJC_LITERAL_CONVERSION = YES;
				CLANG_WARN_OBJC_ROOT_CLASS = YES_ERROR;
				CLANG_WARN_RANGE_LOOP_ANALYSIS = YES;
				CLANG_WARN_STRICT_PROTOTYPES = YES;
				CLANG_WARN_SUSPICIOUS_MOVE = YES;
				CLANG_WARN_UNGUARDED_AVAILABILITY = YES_AGGRESSIVE;
				CLANG_WARN_UNREACHABLE_CODE = YES;
				CLANG_WARN__DUPLICATE_METHOD_MATCH = YES;
				CODE_SIGN_IDENTITY = "iPhone Developer";
				COPY_PHASE_STRIP = NO;
				DEBUG_INFORMATION_FORMAT = dwarf;
				ENABLE_STRICT_OBJC_MSGSEND = YES;
				ENABLE_TESTABILITY = YES;
				GCC_C_LANGUAGE_STANDARD = gnu11;
				GCC_DYNAMIC_NO_PIC = NO;
				GCC_NO_COMMON_BLOCKS = YES;
				GCC_OPTIMIZATION_LEVEL = 0;
				GCC_PREPROCESSOR_DEFINITIONS = (
					"DEBUG=1",
					"$(inherited)",
				);
				GCC_WARN_64_TO_32_BIT_CONVERSION = YES;
				GCC_WARN_ABOUT_RETURN_TYPE = YES_ERROR;
				GCC_WARN_UNDECLARED_SELECTOR = YES;
				GCC_WARN_UNINITIALIZED_AUTOS = YES_AGGRESSIVE;
				GCC_WARN_UNUSED_FUNCTION = YES;
				GCC_WARN_UNUSED_VARIABLE = YES;
				IPHONEOS_DEPLOYMENT_TARGET = 12.2;
				MTL_ENABLE_DEBUG_INFO = INCLUDE_SOURCE;
				MTL_FAST_MATH = YES;
				ONLY_ACTIVE_ARCH = YES;
				SDKROOT = iphoneos;
				SWIFT_ACTIVE_COMPILATION_CONDITIONS = DEBUG;
				SWIFT_OPTIMIZATION_LEVEL = "-Onone";
			};
			name = Debug;
		};
		A7A6A60B228A4CCE001FCA4D /* Release */ = {
			isa = XCBuildConfiguration;
			buildSettings = {
				ALWAYS_SEARCH_USER_PATHS = NO;
				CLANG_ANALYZER_NONNULL = YES;
				CLANG_ANALYZER_NUMBER_OBJECT_CONVERSION = YES_AGGRESSIVE;
				CLANG_CXX_LANGUAGE_STANDARD = "gnu++14";
				CLANG_CXX_LIBRARY = "libc++";
				CLANG_ENABLE_MODULES = YES;
				CLANG_ENABLE_OBJC_ARC = YES;
				CLANG_ENABLE_OBJC_WEAK = YES;
				CLANG_WARN_BLOCK_CAPTURE_AUTORELEASING = YES;
				CLANG_WARN_BOOL_CONVERSION = YES;
				CLANG_WARN_COMMA = YES;
				CLANG_WARN_CONSTANT_CONVERSION = YES;
				CLANG_WARN_DEPRECATED_OBJC_IMPLEMENTATIONS = YES;
				CLANG_WARN_DIRECT_OBJC_ISA_USAGE = YES_ERROR;
				CLANG_WARN_DOCUMENTATION_COMMENTS = YES;
				CLANG_WARN_EMPTY_BODY = YES;
				CLANG_WARN_ENUM_CONVERSION = YES;
				CLANG_WARN_INFINITE_RECURSION = YES;
				CLANG_WARN_INT_CONVERSION = YES;
				CLANG_WARN_NON_LITERAL_NULL_CONVERSION = YES;
				CLANG_WARN_OBJC_IMPLICIT_RETAIN_SELF = YES;
				CLANG_WARN_OBJC_LITERAL_CONVERSION = YES;
				CLANG_WARN_OBJC_ROOT_CLASS = YES_ERROR;
				CLANG_WARN_RANGE_LOOP_ANALYSIS = YES;
				CLANG_WARN_STRICT_PROTOTYPES = YES;
				CLANG_WARN_SUSPICIOUS_MOVE = YES;
				CLANG_WARN_UNGUARDED_AVAILABILITY = YES_AGGRESSIVE;
				CLANG_WARN_UNREACHABLE_CODE = YES;
				CLANG_WARN__DUPLICATE_METHOD_MATCH = YES;
				CODE_SIGN_IDENTITY = "iPhone Developer";
				COPY_PHASE_STRIP = NO;
				DEBUG_INFORMATION_FORMAT = "dwarf-with-dsym";
				ENABLE_NS_ASSERTIONS = NO;
				ENABLE_STRICT_OBJC_MSGSEND = YES;
				GCC_C_LANGUAGE_STANDARD = gnu11;
				GCC_NO_COMMON_BLOCKS = YES;
				GCC_WARN_64_TO_32_BIT_CONVERSION = YES;
				GCC_WARN_ABOUT_RETURN_TYPE = YES_ERROR;
				GCC_WARN_UNDECLARED_SELECTOR = YES;
				GCC_WARN_UNINITIALIZED_AUTOS = YES_AGGRESSIVE;
				GCC_WARN_UNUSED_FUNCTION = YES;
				GCC_WARN_UNUSED_VARIABLE = YES;
				IPHONEOS_DEPLOYMENT_TARGET = 12.2;
				MTL_ENABLE_DEBUG_INFO = NO;
				MTL_FAST_MATH = YES;
				SDKROOT = iphoneos;
				SWIFT_COMPILATION_MODE = wholemodule;
				SWIFT_OPTIMIZATION_LEVEL = "-O";
				VALIDATE_PRODUCT = YES;
			};
			name = Release;
		};
		A7A6A60D228A4CCE001FCA4D /* Debug */ = {
			isa = XCBuildConfiguration;
			buildSettings = {
				ASSETCATALOG_COMPILER_APPICON_NAME = AppIcon;
				CODE_SIGN_STYLE = Automatic;
				DEVELOPMENT_TEAM = Y44ARMYDQD;
				INFOPLIST_FILE = "Gi-ukForMoments/Info.plist";
				LD_RUNPATH_SEARCH_PATHS = (
					"$(inherited)",
					"@executable_path/Frameworks",
				);
				PRODUCT_BUNDLE_IDENTIFIER = "com.goya-ent.woosuntest.Gi-ukForMoments";
				PRODUCT_NAME = "$(TARGET_NAME)";
				SWIFT_VERSION = 5.0;
				TARGETED_DEVICE_FAMILY = "1,2";
			};
			name = Debug;
		};
		A7A6A60E228A4CCE001FCA4D /* Release */ = {
			isa = XCBuildConfiguration;
			buildSettings = {
				ASSETCATALOG_COMPILER_APPICON_NAME = AppIcon;
				CODE_SIGN_STYLE = Automatic;
				DEVELOPMENT_TEAM = Y44ARMYDQD;
				INFOPLIST_FILE = "Gi-ukForMoments/Info.plist";
				LD_RUNPATH_SEARCH_PATHS = (
					"$(inherited)",
					"@executable_path/Frameworks",
				);
				PRODUCT_BUNDLE_IDENTIFIER = "com.goya-ent.woosuntest.Gi-ukForMoments";
				PRODUCT_NAME = "$(TARGET_NAME)";
				SWIFT_VERSION = 5.0;
				TARGETED_DEVICE_FAMILY = "1,2";
			};
			name = Release;
		};
/* End XCBuildConfiguration section */

/* Begin XCConfigurationList section */
		A7A6A5F2228A4CC9001FCA4D /* Build configuration list for PBXProject "Gi-ukForMoments" */ = {
			isa = XCConfigurationList;
			buildConfigurations = (
				A7A6A60A228A4CCE001FCA4D /* Debug */,
				A7A6A60B228A4CCE001FCA4D /* Release */,
			);
			defaultConfigurationIsVisible = 0;
			defaultConfigurationName = Release;
		};
		A7A6A60C228A4CCE001FCA4D /* Build configuration list for PBXNativeTarget "Gi-ukForMoments" */ = {
			isa = XCConfigurationList;
			buildConfigurations = (
				A7A6A60D228A4CCE001FCA4D /* Debug */,
				A7A6A60E228A4CCE001FCA4D /* Release */,
			);
			defaultConfigurationIsVisible = 0;
			defaultConfigurationName = Release;
		};
/* End XCConfigurationList section */

/* Begin XCVersionGroup section */
		A7A6A601228A4CCA001FCA4D /* Gi_ukForMoments.xcdatamodeld */ = {
			isa = XCVersionGroup;
			children = (
				A7A6A602228A4CCA001FCA4D /* Gi_ukForMoments.xcdatamodel */,
			);
			currentVersion = A7A6A602228A4CCA001FCA4D /* Gi_ukForMoments.xcdatamodel */;
			path = Gi_ukForMoments.xcdatamodeld;
			sourceTree = "<group>";
			versionGroupType = wrapper.xcdatamodel;
		};
/* End XCVersionGroup section */
	};
	rootObject = A7A6A5EF228A4CC9001FCA4D /* Project object */;
}
