// !$*UTF8*$!
{
	archiveVersion = 1;
	classes = {
	};
	objectVersion = 50;
	objects = {

/* Begin PBXBuildFile section */
		A707B41922E8635E00CA539A /* PageCounterLabel.swift in Sources */ = {isa = PBXBuildFile; fileRef = A707B41822E8635E00CA539A /* PageCounterLabel.swift */; };
		A71735F022B3E0D20098B077 /* Giuk_ContentView_WritingTextView.swift in Sources */ = {isa = PBXBuildFile; fileRef = A71735EF22B3E0D20098B077 /* Giuk_ContentView_WritingTextView.swift */; };
		A71735F222B3FB470098B077 /* CropInformation.swift in Sources */ = {isa = PBXBuildFile; fileRef = A71735F122B3FB470098B077 /* CropInformation.swift */; };
		A71735F422B3FB6D0098B077 /* CroppedImageInformation.swift in Sources */ = {isa = PBXBuildFile; fileRef = A71735F322B3FB6D0098B077 /* CroppedImageInformation.swift */; };
		A717360322C0D1840098B077 /* Giuk_ContentView_Writing.swift in Sources */ = {isa = PBXBuildFile; fileRef = A717360222C0D1840098B077 /* Giuk_ContentView_Writing.swift */; };
		A717360522C25E7E0098B077 /* HashTagScrollView.swift in Sources */ = {isa = PBXBuildFile; fileRef = A717360422C25E7E0098B077 /* HashTagScrollView.swift */; };
		A717360722C491230098B077 /* TagGenerator.swift in Sources */ = {isa = PBXBuildFile; fileRef = A717360622C491230098B077 /* TagGenerator.swift */; };
		A717360922C5C9D50098B077 /* LabelWithContainer.swift in Sources */ = {isa = PBXBuildFile; fileRef = A717360822C5C9D50098B077 /* LabelWithContainer.swift */; };
		A717360B22C5CA000098B077 /* TextFieldWithContainer.swift in Sources */ = {isa = PBXBuildFile; fileRef = A717360A22C5CA000098B077 /* TextFieldWithContainer.swift */; };
		A717360D22C5CA740098B077 /* TagInformation.swift in Sources */ = {isa = PBXBuildFile; fileRef = A717360C22C5CA740098B077 /* TagInformation.swift */; };
		A717361022CA0E250098B077 /* DescribingSources.swift in Sources */ = {isa = PBXBuildFile; fileRef = A717360F22CA0E250098B077 /* DescribingSources.swift */; };
		A78B0DF6228D39F600D0B275 /* Giuk_MainFrame_ContainerView.swift in Sources */ = {isa = PBXBuildFile; fileRef = A78B0DF5228D39F600D0B275 /* Giuk_MainFrame_ContainerView.swift */; };
		A78B0DF8228D9D2900D0B275 /* UIButton_WithIdentifire.swift in Sources */ = {isa = PBXBuildFile; fileRef = A78B0DF7228D9D2900D0B275 /* UIButton_WithIdentifire.swift */; };
		A78B0E0D2292E0B200D0B275 /* DotStylePresentorView.swift in Sources */ = {isa = PBXBuildFile; fileRef = A78B0DFE2292E0B200D0B275 /* DotStylePresentorView.swift */; };
		A78B0E0E2292E0B200D0B275 /* CircleView.swift in Sources */ = {isa = PBXBuildFile; fileRef = A78B0DFF2292E0B200D0B275 /* CircleView.swift */; };
		A78B0E0F2292E0B200D0B275 /* CenteredCollectionView.swift in Sources */ = {isa = PBXBuildFile; fileRef = A78B0E012292E0B200D0B275 /* CenteredCollectionView.swift */; };
		A78B0E102292E0B200D0B275 /* CenteredCollectionViewFlowLayout.swift in Sources */ = {isa = PBXBuildFile; fileRef = A78B0E032292E0B200D0B275 /* CenteredCollectionViewFlowLayout.swift */; };
		A78B0E112292E0B200D0B275 /* CenteredContentCollectionStyleViewer.swift in Sources */ = {isa = PBXBuildFile; fileRef = A78B0E042292E0B200D0B275 /* CenteredContentCollectionStyleViewer.swift */; };
		A78B0E122292E0B200D0B275 /* CenteredSquareTypeCollectionViewFlowlayout.swift in Sources */ = {isa = PBXBuildFile; fileRef = A78B0E062292E0B200D0B275 /* CenteredSquareTypeCollectionViewFlowlayout.swift */; };
		A78B0E132292E0B200D0B275 /* TimeCollectionViewer.swift in Sources */ = {isa = PBXBuildFile; fileRef = A78B0E072292E0B200D0B275 /* TimeCollectionViewer.swift */; };
		A78B0E142292E0B200D0B275 /* TimeCollectionView.swift in Sources */ = {isa = PBXBuildFile; fileRef = A78B0E082292E0B200D0B275 /* TimeCollectionView.swift */; };
		A78B0E152292E0B200D0B275 /* FocusingIndexBasedCollectionview.swift in Sources */ = {isa = PBXBuildFile; fileRef = A78B0E092292E0B200D0B275 /* FocusingIndexBasedCollectionview.swift */; };
		A78B0E162292E0B200D0B275 /* VerticalLinearCollectionView.swift in Sources */ = {isa = PBXBuildFile; fileRef = A78B0E0B2292E0B200D0B275 /* VerticalLinearCollectionView.swift */; };
		A78B0E172292E0B200D0B275 /* VerticalSpotlightCollectionViewFlowLayout.swift in Sources */ = {isa = PBXBuildFile; fileRef = A78B0E0C2292E0B200D0B275 /* VerticalSpotlightCollectionViewFlowLayout.swift */; };
		A78B0E1B2292E13900D0B275 /* ColorCollectionViewCell.xib in Resources */ = {isa = PBXBuildFile; fileRef = A78B0E192292E13900D0B275 /* ColorCollectionViewCell.xib */; };
		A78B0E1C2292E13900D0B275 /* ColorCollectionViewCell.swift in Sources */ = {isa = PBXBuildFile; fileRef = A78B0E1A2292E13900D0B275 /* ColorCollectionViewCell.swift */; };
		A78B0E212292E15700D0B275 /* AnalogNumberItemView.swift in Sources */ = {isa = PBXBuildFile; fileRef = A78B0E1E2292E15700D0B275 /* AnalogNumberItemView.swift */; };
		A78B0E222292E15700D0B275 /* AnalogNumberView.swift in Sources */ = {isa = PBXBuildFile; fileRef = A78B0E1F2292E15700D0B275 /* AnalogNumberView.swift */; };
		A78B0E232292E15700D0B275 /* AnalogTypeLcdItemView.swift in Sources */ = {isa = PBXBuildFile; fileRef = A78B0E202292E15700D0B275 /* AnalogTypeLcdItemView.swift */; };
		A78B0E262292E19300D0B275 /* ImageCroppingView.swift in Sources */ = {isa = PBXBuildFile; fileRef = A78B0E252292E19300D0B275 /* ImageCroppingView.swift */; };
		A78B0E282292E1AE00D0B275 /* PhotoModule.swift in Sources */ = {isa = PBXBuildFile; fileRef = A78B0E272292E1AE00D0B275 /* PhotoModule.swift */; };
		A78B0E2D2292E1EE00D0B275 /* HashTagItem.swift in Sources */ = {isa = PBXBuildFile; fileRef = A78B0E2A2292E1EE00D0B275 /* HashTagItem.swift */; };
		A78B0E2F2292E1EE00D0B275 /* HashTagView.swift in Sources */ = {isa = PBXBuildFile; fileRef = A78B0E2C2292E1EE00D0B275 /* HashTagView.swift */; };
		A78B0E342292E1FC00D0B275 /* FrameTransitionDelegate_DismissAnimator.swift in Sources */ = {isa = PBXBuildFile; fileRef = A78B0E312292E1FC00D0B275 /* FrameTransitionDelegate_DismissAnimator.swift */; };
		A78B0E352292E1FC00D0B275 /* FrameTransitionDelegate.swift in Sources */ = {isa = PBXBuildFile; fileRef = A78B0E322292E1FC00D0B275 /* FrameTransitionDelegate.swift */; };
		A78B0E362292E1FC00D0B275 /* FrameTransitionDelegate_PresentingAnimator.swift in Sources */ = {isa = PBXBuildFile; fileRef = A78B0E332292E1FC00D0B275 /* FrameTransitionDelegate_PresentingAnimator.swift */; };
		A78B0E3A2296FB0000D0B275 /* Giuk_MainPage_ViewController.swift in Sources */ = {isa = PBXBuildFile; fileRef = A78B0E392296FB0000D0B275 /* Giuk_MainPage_ViewController.swift */; };
		A78B0E3C22993FB100D0B275 /* Giuk_ContentView.swift in Sources */ = {isa = PBXBuildFile; fileRef = A78B0E3B22993FB100D0B275 /* Giuk_ContentView.swift */; };
		A78B0E3E2299464E00D0B275 /* Giuk_ContentView_WriteSection.swift in Sources */ = {isa = PBXBuildFile; fileRef = A78B0E3D2299464E00D0B275 /* Giuk_ContentView_WriteSection.swift */; };
		A78B0E44229D006B00D0B275 /* NonAutomaticScrollView.swift in Sources */ = {isa = PBXBuildFile; fileRef = A78B0E43229D006B00D0B275 /* NonAutomaticScrollView.swift */; };
		A78B0E46229F50BA00D0B275 /* WriteSectionViewController.swift in Sources */ = {isa = PBXBuildFile; fileRef = A78B0E45229F50BA00D0B275 /* WriteSectionViewController.swift */; };
		A78B0E48229F6BDC00D0B275 /* Giuk_MainFrame_ViewController.swift in Sources */ = {isa = PBXBuildFile; fileRef = A78B0E47229F6BDC00D0B275 /* Giuk_MainFrame_ViewController.swift */; };
		A78B0E4B22ABDF3100D0B275 /* Giuk_OpenFromFrame_ViewController.swift in Sources */ = {isa = PBXBuildFile; fileRef = A78B0E4A22ABDF3100D0B275 /* Giuk_OpenFromFrame_ViewController.swift */; };
		A78B0E4D22ABDFE900D0B275 /* AnimationButtonView.swift in Sources */ = {isa = PBXBuildFile; fileRef = A78B0E4C22ABDFE900D0B275 /* AnimationButtonView.swift */; };
		A78B0E5222AD1CDC00D0B275 /* TextViewTestViewController.swift in Sources */ = {isa = PBXBuildFile; fileRef = A78B0E5122AD1CDC00D0B275 /* TextViewTestViewController.swift */; };
		A78B0E5422ADE9FD00D0B275 /* StartWithAnimation_ViewController.swift in Sources */ = {isa = PBXBuildFile; fileRef = A78B0E5322ADE9FC00D0B275 /* StartWithAnimation_ViewController.swift */; };
		A78B0E5622AFBFD000D0B275 /* Giuk_ContentView_SubView_ImageSelectAndCropView.swift in Sources */ = {isa = PBXBuildFile; fileRef = A78B0E5522AFBFD000D0B275 /* Giuk_ContentView_SubView_ImageSelectAndCropView.swift */; };
		A78B0E5D22AFC7D400D0B275 /* Image_CollectionViewCell.swift in Sources */ = {isa = PBXBuildFile; fileRef = A78B0E5C22AFC7D400D0B275 /* Image_CollectionViewCell.swift */; };
		A78B0E5F22AFE8F000D0B275 /* ImageFilterModule.swift in Sources */ = {isa = PBXBuildFile; fileRef = A78B0E5E22AFE8F000D0B275 /* ImageFilterModule.swift */; };
		A7A6A5FB228A4CCA001FCA4D /* AppDelegate.swift in Sources */ = {isa = PBXBuildFile; fileRef = A7A6A5FA228A4CCA001FCA4D /* AppDelegate.swift */; };
		A7A6A600228A4CCA001FCA4D /* Main.storyboard in Resources */ = {isa = PBXBuildFile; fileRef = A7A6A5FE228A4CCA001FCA4D /* Main.storyboard */; };
		A7A6A603228A4CCA001FCA4D /* Gi_ukForMoments.xcdatamodeld in Sources */ = {isa = PBXBuildFile; fileRef = A7A6A601228A4CCA001FCA4D /* Gi_ukForMoments.xcdatamodeld */; };
		A7A6A605228A4CCE001FCA4D /* Assets.xcassets in Resources */ = {isa = PBXBuildFile; fileRef = A7A6A604228A4CCE001FCA4D /* Assets.xcassets */; };
		A7A6A608228A4CCE001FCA4D /* LaunchScreen.storyboard in Resources */ = {isa = PBXBuildFile; fileRef = A7A6A606228A4CCE001FCA4D /* LaunchScreen.storyboard */; };
		A7A6A610228A4D1A001FCA4D /* ContentUIViewController.swift in Sources */ = {isa = PBXBuildFile; fileRef = A7A6A60F228A4D19001FCA4D /* ContentUIViewController.swift */; };
		A7A6A612228A4EAC001FCA4D /* PublicExtentions.swift in Sources */ = {isa = PBXBuildFile; fileRef = A7A6A611228A4EAC001FCA4D /* PublicExtentions.swift */; };
		A7A6A61A228B9249001FCA4D /* Giuk_MainFrameViewController.swift in Sources */ = {isa = PBXBuildFile; fileRef = A7A6A619228B9249001FCA4D /* Giuk_MainFrameViewController.swift */; };
		A7A6A61E228B9C1B001FCA4D /* GenericMultiButtonView.swift in Sources */ = {isa = PBXBuildFile; fileRef = A7A6A61D228B9C1B001FCA4D /* GenericMultiButtonView.swift */; };
		A7A6A620228BA048001FCA4D /* ButtonGridManager.swift in Sources */ = {isa = PBXBuildFile; fileRef = A7A6A61F228BA048001FCA4D /* ButtonGridManager.swift */; };
		A7FBD39F22D2BE96004DCF3F /* ButtonImageNames.swift in Sources */ = {isa = PBXBuildFile; fileRef = A7FBD39E22D2BE96004DCF3F /* ButtonImageNames.swift */; };
		A7FBD3A122D35D4B004DCF3F /* Giuk.swift in Sources */ = {isa = PBXBuildFile; fileRef = A7FBD3A022D35D4B004DCF3F /* Giuk.swift */; };
		A7FBD3A622D74ACD004DCF3F /* RadialGradientLayer.swift in Sources */ = {isa = PBXBuildFile; fileRef = A7FBD3A522D74ACD004DCF3F /* RadialGradientLayer.swift */; };
		A7FBD3A922D9EBB6004DCF3F /* ThumbnailInformation.swift in Sources */ = {isa = PBXBuildFile; fileRef = A7FBD3A822D9EBB6004DCF3F /* ThumbnailInformation.swift */; };
		A7FBD3AB22DC2953004DCF3F /* CreatedData.swift in Sources */ = {isa = PBXBuildFile; fileRef = A7FBD3AA22DC2953004DCF3F /* CreatedData.swift */; };
		A7FBD3AD22DC3530004DCF3F /* GiukIndex.swift in Sources */ = {isa = PBXBuildFile; fileRef = A7FBD3AC22DC3530004DCF3F /* GiukIndex.swift */; };
		A7FBD3AF22DC375D004DCF3F /* Tag.swift in Sources */ = {isa = PBXBuildFile; fileRef = A7FBD3AE22DC375D004DCF3F /* Tag.swift */; };
		A7FBD3B122DC3784004DCF3F /* Text.swift in Sources */ = {isa = PBXBuildFile; fileRef = A7FBD3B022DC3784004DCF3F /* Text.swift */; };
		A7FBD3B322DC37A1004DCF3F /* Image.swift in Sources */ = {isa = PBXBuildFile; fileRef = A7FBD3B222DC37A1004DCF3F /* Image.swift */; };
		A7FBD3B522DC37F5004DCF3F /* ThumbnailImage.swift in Sources */ = {isa = PBXBuildFile; fileRef = A7FBD3B422DC37F5004DCF3F /* ThumbnailImage.swift */; };
		A7FBD3B822DC69B2004DCF3F /* GiukViewerViewController.swift in Sources */ = {isa = PBXBuildFile; fileRef = A7FBD3B722DC69B2004DCF3F /* GiukViewerViewController.swift */; };
		A7FBD3BB22DC7C23004DCF3F /* PropertyAnimationLoader.swift in Sources */ = {isa = PBXBuildFile; fileRef = A7FBD3BA22DC7C23004DCF3F /* PropertyAnimationLoader.swift */; };
		A7FBD3BD22DD7BB1004DCF3F /* GiukViewerCollectionViewCell.swift in Sources */ = {isa = PBXBuildFile; fileRef = A7FBD3BC22DD7BB1004DCF3F /* GiukViewerCollectionViewCell.swift */; };
		A7FBD3BF22DD9119004DCF3F /* PresentGiukView.swift in Sources */ = {isa = PBXBuildFile; fileRef = A7FBD3BE22DD9119004DCF3F /* PresentGiukView.swift */; };
		A7FBD3C122DDED7A004DCF3F /* PresentTextView.swift in Sources */ = {isa = PBXBuildFile; fileRef = A7FBD3C022DDED7A004DCF3F /* PresentTextView.swift */; };
		A7FBD3C622E1F7CA004DCF3F /* BookFlowLayout.swift in Sources */ = {isa = PBXBuildFile; fileRef = A7FBD3C522E1F7CA004DCF3F /* BookFlowLayout.swift */; };
		A7FBD3C822E30F07004DCF3F /* ThumbnailCollectionViewCell.swift in Sources */ = {isa = PBXBuildFile; fileRef = A7FBD3C722E30F07004DCF3F /* ThumbnailCollectionViewCell.swift */; };
		A7FBD3CB22E57FAF004DCF3F /* GiukHashtagScrollView.swift in Sources */ = {isa = PBXBuildFile; fileRef = A7FBD3CA22E57FAF004DCF3F /* GiukHashtagScrollView.swift */; };
		A7FBD3CD22E71581004DCF3F /* TransitionManager.swift in Sources */ = {isa = PBXBuildFile; fileRef = A7FBD3CC22E71581004DCF3F /* TransitionManager.swift */; };
/* End PBXBuildFile section */

/* Begin PBXFileReference section */
		A707B41822E8635E00CA539A /* PageCounterLabel.swift */ = {isa = PBXFileReference; lastKnownFileType = sourcecode.swift; path = PageCounterLabel.swift; sourceTree = "<group>"; };
		A71735EF22B3E0D20098B077 /* Giuk_ContentView_WritingTextView.swift */ = {isa = PBXFileReference; lastKnownFileType = sourcecode.swift; path = Giuk_ContentView_WritingTextView.swift; sourceTree = "<group>"; };
		A71735F122B3FB470098B077 /* CropInformation.swift */ = {isa = PBXFileReference; lastKnownFileType = sourcecode.swift; path = CropInformation.swift; sourceTree = "<group>"; };
		A71735F322B3FB6D0098B077 /* CroppedImageInformation.swift */ = {isa = PBXFileReference; lastKnownFileType = sourcecode.swift; path = CroppedImageInformation.swift; sourceTree = "<group>"; };
		A717360222C0D1840098B077 /* Giuk_ContentView_Writing.swift */ = {isa = PBXFileReference; lastKnownFileType = sourcecode.swift; path = Giuk_ContentView_Writing.swift; sourceTree = "<group>"; };
		A717360422C25E7E0098B077 /* HashTagScrollView.swift */ = {isa = PBXFileReference; lastKnownFileType = sourcecode.swift; path = HashTagScrollView.swift; sourceTree = "<group>"; };
		A717360622C491230098B077 /* TagGenerator.swift */ = {isa = PBXFileReference; lastKnownFileType = sourcecode.swift; path = TagGenerator.swift; sourceTree = "<group>"; };
		A717360822C5C9D50098B077 /* LabelWithContainer.swift */ = {isa = PBXFileReference; lastKnownFileType = sourcecode.swift; path = LabelWithContainer.swift; sourceTree = "<group>"; };
		A717360A22C5CA000098B077 /* TextFieldWithContainer.swift */ = {isa = PBXFileReference; lastKnownFileType = sourcecode.swift; path = TextFieldWithContainer.swift; sourceTree = "<group>"; };
		A717360C22C5CA740098B077 /* TagInformation.swift */ = {isa = PBXFileReference; lastKnownFileType = sourcecode.swift; path = TagInformation.swift; sourceTree = "<group>"; };
		A717360F22CA0E250098B077 /* DescribingSources.swift */ = {isa = PBXFileReference; lastKnownFileType = sourcecode.swift; path = DescribingSources.swift; sourceTree = "<group>"; };
		A78B0DF5228D39F600D0B275 /* Giuk_MainFrame_ContainerView.swift */ = {isa = PBXFileReference; lastKnownFileType = sourcecode.swift; path = Giuk_MainFrame_ContainerView.swift; sourceTree = "<group>"; };
		A78B0DF7228D9D2900D0B275 /* UIButton_WithIdentifire.swift */ = {isa = PBXFileReference; lastKnownFileType = sourcecode.swift; path = UIButton_WithIdentifire.swift; sourceTree = "<group>"; };
		A78B0DFE2292E0B200D0B275 /* DotStylePresentorView.swift */ = {isa = PBXFileReference; fileEncoding = 4; lastKnownFileType = sourcecode.swift; path = DotStylePresentorView.swift; sourceTree = "<group>"; };
		A78B0DFF2292E0B200D0B275 /* CircleView.swift */ = {isa = PBXFileReference; fileEncoding = 4; lastKnownFileType = sourcecode.swift; path = CircleView.swift; sourceTree = "<group>"; };
		A78B0E012292E0B200D0B275 /* CenteredCollectionView.swift */ = {isa = PBXFileReference; fileEncoding = 4; lastKnownFileType = sourcecode.swift; path = CenteredCollectionView.swift; sourceTree = "<group>"; };
		A78B0E032292E0B200D0B275 /* CenteredCollectionViewFlowLayout.swift */ = {isa = PBXFileReference; fileEncoding = 4; lastKnownFileType = sourcecode.swift; path = CenteredCollectionViewFlowLayout.swift; sourceTree = "<group>"; };
		A78B0E042292E0B200D0B275 /* CenteredContentCollectionStyleViewer.swift */ = {isa = PBXFileReference; fileEncoding = 4; lastKnownFileType = sourcecode.swift; path = CenteredContentCollectionStyleViewer.swift; sourceTree = "<group>"; };
		A78B0E062292E0B200D0B275 /* CenteredSquareTypeCollectionViewFlowlayout.swift */ = {isa = PBXFileReference; fileEncoding = 4; lastKnownFileType = sourcecode.swift; path = CenteredSquareTypeCollectionViewFlowlayout.swift; sourceTree = "<group>"; };
		A78B0E072292E0B200D0B275 /* TimeCollectionViewer.swift */ = {isa = PBXFileReference; fileEncoding = 4; lastKnownFileType = sourcecode.swift; path = TimeCollectionViewer.swift; sourceTree = "<group>"; };
		A78B0E082292E0B200D0B275 /* TimeCollectionView.swift */ = {isa = PBXFileReference; fileEncoding = 4; lastKnownFileType = sourcecode.swift; path = TimeCollectionView.swift; sourceTree = "<group>"; };
		A78B0E092292E0B200D0B275 /* FocusingIndexBasedCollectionview.swift */ = {isa = PBXFileReference; fileEncoding = 4; lastKnownFileType = sourcecode.swift; path = FocusingIndexBasedCollectionview.swift; sourceTree = "<group>"; };
		A78B0E0B2292E0B200D0B275 /* VerticalLinearCollectionView.swift */ = {isa = PBXFileReference; fileEncoding = 4; lastKnownFileType = sourcecode.swift; path = VerticalLinearCollectionView.swift; sourceTree = "<group>"; };
		A78B0E0C2292E0B200D0B275 /* VerticalSpotlightCollectionViewFlowLayout.swift */ = {isa = PBXFileReference; fileEncoding = 4; lastKnownFileType = sourcecode.swift; path = VerticalSpotlightCollectionViewFlowLayout.swift; sourceTree = "<group>"; };
		A78B0E192292E13900D0B275 /* ColorCollectionViewCell.xib */ = {isa = PBXFileReference; fileEncoding = 4; lastKnownFileType = file.xib; path = ColorCollectionViewCell.xib; sourceTree = "<group>"; };
		A78B0E1A2292E13900D0B275 /* ColorCollectionViewCell.swift */ = {isa = PBXFileReference; fileEncoding = 4; lastKnownFileType = sourcecode.swift; path = ColorCollectionViewCell.swift; sourceTree = "<group>"; };
		A78B0E1E2292E15700D0B275 /* AnalogNumberItemView.swift */ = {isa = PBXFileReference; fileEncoding = 4; lastKnownFileType = sourcecode.swift; path = AnalogNumberItemView.swift; sourceTree = "<group>"; };
		A78B0E1F2292E15700D0B275 /* AnalogNumberView.swift */ = {isa = PBXFileReference; fileEncoding = 4; lastKnownFileType = sourcecode.swift; path = AnalogNumberView.swift; sourceTree = "<group>"; };
		A78B0E202292E15700D0B275 /* AnalogTypeLcdItemView.swift */ = {isa = PBXFileReference; fileEncoding = 4; lastKnownFileType = sourcecode.swift; path = AnalogTypeLcdItemView.swift; sourceTree = "<group>"; };
		A78B0E252292E19300D0B275 /* ImageCroppingView.swift */ = {isa = PBXFileReference; fileEncoding = 4; lastKnownFileType = sourcecode.swift; path = ImageCroppingView.swift; sourceTree = "<group>"; };
		A78B0E272292E1AE00D0B275 /* PhotoModule.swift */ = {isa = PBXFileReference; fileEncoding = 4; lastKnownFileType = sourcecode.swift; path = PhotoModule.swift; sourceTree = "<group>"; };
		A78B0E2A2292E1EE00D0B275 /* HashTagItem.swift */ = {isa = PBXFileReference; fileEncoding = 4; lastKnownFileType = sourcecode.swift; path = HashTagItem.swift; sourceTree = "<group>"; };
		A78B0E2C2292E1EE00D0B275 /* HashTagView.swift */ = {isa = PBXFileReference; fileEncoding = 4; lastKnownFileType = sourcecode.swift; path = HashTagView.swift; sourceTree = "<group>"; };
		A78B0E312292E1FC00D0B275 /* FrameTransitionDelegate_DismissAnimator.swift */ = {isa = PBXFileReference; fileEncoding = 4; lastKnownFileType = sourcecode.swift; path = FrameTransitionDelegate_DismissAnimator.swift; sourceTree = "<group>"; };
		A78B0E322292E1FC00D0B275 /* FrameTransitionDelegate.swift */ = {isa = PBXFileReference; fileEncoding = 4; lastKnownFileType = sourcecode.swift; path = FrameTransitionDelegate.swift; sourceTree = "<group>"; };
		A78B0E332292E1FC00D0B275 /* FrameTransitionDelegate_PresentingAnimator.swift */ = {isa = PBXFileReference; fileEncoding = 4; lastKnownFileType = sourcecode.swift; path = FrameTransitionDelegate_PresentingAnimator.swift; sourceTree = "<group>"; };
		A78B0E392296FB0000D0B275 /* Giuk_MainPage_ViewController.swift */ = {isa = PBXFileReference; lastKnownFileType = sourcecode.swift; path = Giuk_MainPage_ViewController.swift; sourceTree = "<group>"; };
		A78B0E3B22993FB100D0B275 /* Giuk_ContentView.swift */ = {isa = PBXFileReference; lastKnownFileType = sourcecode.swift; path = Giuk_ContentView.swift; sourceTree = "<group>"; };
		A78B0E3D2299464E00D0B275 /* Giuk_ContentView_WriteSection.swift */ = {isa = PBXFileReference; lastKnownFileType = sourcecode.swift; path = Giuk_ContentView_WriteSection.swift; sourceTree = "<group>"; };
		A78B0E43229D006B00D0B275 /* NonAutomaticScrollView.swift */ = {isa = PBXFileReference; lastKnownFileType = sourcecode.swift; path = NonAutomaticScrollView.swift; sourceTree = "<group>"; };
		A78B0E45229F50BA00D0B275 /* WriteSectionViewController.swift */ = {isa = PBXFileReference; lastKnownFileType = sourcecode.swift; path = WriteSectionViewController.swift; sourceTree = "<group>"; };
		A78B0E47229F6BDC00D0B275 /* Giuk_MainFrame_ViewController.swift */ = {isa = PBXFileReference; lastKnownFileType = sourcecode.swift; path = Giuk_MainFrame_ViewController.swift; sourceTree = "<group>"; };
		A78B0E4A22ABDF3100D0B275 /* Giuk_OpenFromFrame_ViewController.swift */ = {isa = PBXFileReference; lastKnownFileType = sourcecode.swift; path = Giuk_OpenFromFrame_ViewController.swift; sourceTree = "<group>"; };
		A78B0E4C22ABDFE900D0B275 /* AnimationButtonView.swift */ = {isa = PBXFileReference; lastKnownFileType = sourcecode.swift; path = AnimationButtonView.swift; sourceTree = "<group>"; };
		A78B0E5122AD1CDC00D0B275 /* TextViewTestViewController.swift */ = {isa = PBXFileReference; lastKnownFileType = sourcecode.swift; path = TextViewTestViewController.swift; sourceTree = "<group>"; };
		A78B0E5322ADE9FC00D0B275 /* StartWithAnimation_ViewController.swift */ = {isa = PBXFileReference; lastKnownFileType = sourcecode.swift; path = StartWithAnimation_ViewController.swift; sourceTree = "<group>"; };
		A78B0E5522AFBFD000D0B275 /* Giuk_ContentView_SubView_ImageSelectAndCropView.swift */ = {isa = PBXFileReference; lastKnownFileType = sourcecode.swift; path = Giuk_ContentView_SubView_ImageSelectAndCropView.swift; sourceTree = "<group>"; };
		A78B0E5C22AFC7D400D0B275 /* Image_CollectionViewCell.swift */ = {isa = PBXFileReference; lastKnownFileType = sourcecode.swift; path = Image_CollectionViewCell.swift; sourceTree = "<group>"; };
		A78B0E5E22AFE8F000D0B275 /* ImageFilterModule.swift */ = {isa = PBXFileReference; fileEncoding = 4; lastKnownFileType = sourcecode.swift; path = ImageFilterModule.swift; sourceTree = "<group>"; };
		A7A6A5F7228A4CCA001FCA4D /* Gi-ukForMoments.app */ = {isa = PBXFileReference; explicitFileType = wrapper.application; includeInIndex = 0; path = "Gi-ukForMoments.app"; sourceTree = BUILT_PRODUCTS_DIR; };
		A7A6A5FA228A4CCA001FCA4D /* AppDelegate.swift */ = {isa = PBXFileReference; lastKnownFileType = sourcecode.swift; path = AppDelegate.swift; sourceTree = "<group>"; };
		A7A6A5FF228A4CCA001FCA4D /* Base */ = {isa = PBXFileReference; lastKnownFileType = file.storyboard; name = Base; path = Base.lproj/Main.storyboard; sourceTree = "<group>"; };
		A7A6A602228A4CCA001FCA4D /* Gi_ukForMoments.xcdatamodel */ = {isa = PBXFileReference; lastKnownFileType = wrapper.xcdatamodel; path = Gi_ukForMoments.xcdatamodel; sourceTree = "<group>"; };
		A7A6A604228A4CCE001FCA4D /* Assets.xcassets */ = {isa = PBXFileReference; lastKnownFileType = folder.assetcatalog; path = Assets.xcassets; sourceTree = "<group>"; };
		A7A6A607228A4CCE001FCA4D /* Base */ = {isa = PBXFileReference; lastKnownFileType = file.storyboard; name = Base; path = Base.lproj/LaunchScreen.storyboard; sourceTree = "<group>"; };
		A7A6A609228A4CCE001FCA4D /* Info.plist */ = {isa = PBXFileReference; lastKnownFileType = text.plist.xml; path = Info.plist; sourceTree = "<group>"; };
		A7A6A60F228A4D19001FCA4D /* ContentUIViewController.swift */ = {isa = PBXFileReference; fileEncoding = 4; lastKnownFileType = sourcecode.swift; path = ContentUIViewController.swift; sourceTree = "<group>"; };
		A7A6A611228A4EAC001FCA4D /* PublicExtentions.swift */ = {isa = PBXFileReference; fileEncoding = 4; lastKnownFileType = sourcecode.swift; path = PublicExtentions.swift; sourceTree = "<group>"; };
		A7A6A619228B9249001FCA4D /* Giuk_MainFrameViewController.swift */ = {isa = PBXFileReference; lastKnownFileType = sourcecode.swift; path = Giuk_MainFrameViewController.swift; sourceTree = "<group>"; };
		A7A6A61D228B9C1B001FCA4D /* GenericMultiButtonView.swift */ = {isa = PBXFileReference; fileEncoding = 4; lastKnownFileType = sourcecode.swift; path = GenericMultiButtonView.swift; sourceTree = "<group>"; };
		A7A6A61F228BA048001FCA4D /* ButtonGridManager.swift */ = {isa = PBXFileReference; lastKnownFileType = sourcecode.swift; path = ButtonGridManager.swift; sourceTree = "<group>"; };
		A7FBD39E22D2BE96004DCF3F /* ButtonImageNames.swift */ = {isa = PBXFileReference; lastKnownFileType = sourcecode.swift; path = ButtonImageNames.swift; sourceTree = "<group>"; };
		A7FBD3A022D35D4B004DCF3F /* Giuk.swift */ = {isa = PBXFileReference; lastKnownFileType = sourcecode.swift; path = Giuk.swift; sourceTree = "<group>"; };
		A7FBD3A522D74ACD004DCF3F /* RadialGradientLayer.swift */ = {isa = PBXFileReference; lastKnownFileType = sourcecode.swift; path = RadialGradientLayer.swift; sourceTree = "<group>"; };
		A7FBD3A822D9EBB6004DCF3F /* ThumbnailInformation.swift */ = {isa = PBXFileReference; lastKnownFileType = sourcecode.swift; path = ThumbnailInformation.swift; sourceTree = "<group>"; };
		A7FBD3AA22DC2953004DCF3F /* CreatedData.swift */ = {isa = PBXFileReference; lastKnownFileType = sourcecode.swift; path = CreatedData.swift; sourceTree = "<group>"; };
		A7FBD3AC22DC3530004DCF3F /* GiukIndex.swift */ = {isa = PBXFileReference; lastKnownFileType = sourcecode.swift; path = GiukIndex.swift; sourceTree = "<group>"; };
		A7FBD3AE22DC375D004DCF3F /* Tag.swift */ = {isa = PBXFileReference; lastKnownFileType = sourcecode.swift; path = Tag.swift; sourceTree = "<group>"; };
		A7FBD3B022DC3784004DCF3F /* Text.swift */ = {isa = PBXFileReference; lastKnownFileType = sourcecode.swift; path = Text.swift; sourceTree = "<group>"; };
		A7FBD3B222DC37A1004DCF3F /* Image.swift */ = {isa = PBXFileReference; lastKnownFileType = sourcecode.swift; path = Image.swift; sourceTree = "<group>"; };
		A7FBD3B422DC37F5004DCF3F /* ThumbnailImage.swift */ = {isa = PBXFileReference; lastKnownFileType = sourcecode.swift; path = ThumbnailImage.swift; sourceTree = "<group>"; };
		A7FBD3B722DC69B2004DCF3F /* GiukViewerViewController.swift */ = {isa = PBXFileReference; lastKnownFileType = sourcecode.swift; path = GiukViewerViewController.swift; sourceTree = "<group>"; };
		A7FBD3BA22DC7C23004DCF3F /* PropertyAnimationLoader.swift */ = {isa = PBXFileReference; lastKnownFileType = sourcecode.swift; path = PropertyAnimationLoader.swift; sourceTree = "<group>"; };
		A7FBD3BC22DD7BB1004DCF3F /* GiukViewerCollectionViewCell.swift */ = {isa = PBXFileReference; lastKnownFileType = sourcecode.swift; path = GiukViewerCollectionViewCell.swift; sourceTree = "<group>"; };
		A7FBD3BE22DD9119004DCF3F /* PresentGiukView.swift */ = {isa = PBXFileReference; lastKnownFileType = sourcecode.swift; path = PresentGiukView.swift; sourceTree = "<group>"; };
		A7FBD3C022DDED7A004DCF3F /* PresentTextView.swift */ = {isa = PBXFileReference; lastKnownFileType = sourcecode.swift; path = PresentTextView.swift; sourceTree = "<group>"; };
		A7FBD3C522E1F7CA004DCF3F /* BookFlowLayout.swift */ = {isa = PBXFileReference; lastKnownFileType = sourcecode.swift; path = BookFlowLayout.swift; sourceTree = "<group>"; };
		A7FBD3C722E30F07004DCF3F /* ThumbnailCollectionViewCell.swift */ = {isa = PBXFileReference; lastKnownFileType = sourcecode.swift; path = ThumbnailCollectionViewCell.swift; sourceTree = "<group>"; };
		A7FBD3CA22E57FAF004DCF3F /* GiukHashtagScrollView.swift */ = {isa = PBXFileReference; lastKnownFileType = sourcecode.swift; path = GiukHashtagScrollView.swift; sourceTree = "<group>"; };
		A7FBD3CC22E71581004DCF3F /* TransitionManager.swift */ = {isa = PBXFileReference; lastKnownFileType = sourcecode.swift; path = TransitionManager.swift; sourceTree = "<group>"; };
/* End PBXFileReference section */

/* Begin PBXFrameworksBuildPhase section */
		A7A6A5F4228A4CCA001FCA4D /* Frameworks */ = {
			isa = PBXFrameworksBuildPhase;
			buildActionMask = 2147483647;
			files = (
			);
			runOnlyForDeploymentPostprocessing = 0;
		};
/* End PBXFrameworksBuildPhase section */

/* Begin PBXGroup section */
		A707B41A22E8777E00CA539A /* Centered CollectionView Demo Viewer */ = {
			isa = PBXGroup;
			children = (
				A78B0E042292E0B200D0B275 /* CenteredContentCollectionStyleViewer.swift */,
			);
			path = "Centered CollectionView Demo Viewer";
			sourceTree = "<group>";
		};
		A707B41B22E877B200CA539A /* Centered Square CollectionView Flowlayout */ = {
			isa = PBXGroup;
			children = (
				A78B0E062292E0B200D0B275 /* CenteredSquareTypeCollectionViewFlowlayout.swift */,
			);
			path = "Centered Square CollectionView Flowlayout";
			sourceTree = "<group>";
		};
		A707B41C22E877CE00CA539A /* Centered Square CollectionView Demo Viewer */ = {
			isa = PBXGroup;
			children = (
				A78B0E072292E0B200D0B275 /* TimeCollectionViewer.swift */,
			);
			path = "Centered Square CollectionView Demo Viewer";
			sourceTree = "<group>";
		};
		A71735F522B3FB870098B077 /* Crop Data */ = {
			isa = PBXGroup;
			children = (
				A71735F122B3FB470098B077 /* CropInformation.swift */,
				A71735F322B3FB6D0098B077 /* CroppedImageInformation.swift */,
				A7FBD3A822D9EBB6004DCF3F /* ThumbnailInformation.swift */,
			);
			path = "Crop Data";
			sourceTree = "<group>";
		};
		A717360122BD070D0098B077 /* Text Control View */ = {
			isa = PBXGroup;
			children = (
				A71735EF22B3E0D20098B077 /* Giuk_ContentView_WritingTextView.swift */,
			);
			path = "Text Control View";
			sourceTree = "<group>";
		};
		A717360E22C6831E0098B077 /* Tag Generator */ = {
			isa = PBXGroup;
			children = (
				A717360622C491230098B077 /* TagGenerator.swift */,
				A717360C22C5CA740098B077 /* TagInformation.swift */,
				A717360A22C5CA000098B077 /* TextFieldWithContainer.swift */,
				A717360822C5C9D50098B077 /* LabelWithContainer.swift */,
			);
			path = "Tag Generator";
			sourceTree = "<group>";
		};
		A78B0DF9228D9D4A00D0B275 /* Giuk SubContainer View */ = {
			isa = PBXGroup;
			children = (
				A78B0DF5228D39F600D0B275 /* Giuk_MainFrame_ContainerView.swift */,
				A78B0E4C22ABDFE900D0B275 /* AnimationButtonView.swift */,
			);
			path = "Giuk SubContainer View";
			sourceTree = "<group>";
		};
		A78B0DFA228D9D8900D0B275 /* Grid Managers */ = {
			isa = PBXGroup;
			children = (
				A7A6A61F228BA048001FCA4D /* ButtonGridManager.swift */,
			);
			path = "Grid Managers";
			sourceTree = "<group>";
		};
		A78B0DFB2292E0B100D0B275 /* Focusing Based CollectionViews */ = {
			isa = PBXGroup;
			children = (
				A78B0E092292E0B200D0B275 /* FocusingIndexBasedCollectionview.swift */,
				A78B0E182292E13900D0B275 /* ColorCell */,
				A78B0DFC2292E0B200D0B275 /* CenteredCollectionViewer */,
				A78B0E052292E0B200D0B275 /* TimeCollectionView */,
				A78B0E0A2292E0B200D0B275 /* VerticalStoplightCollectionView */,
			);
			path = "Focusing Based CollectionViews";
			sourceTree = "<group>";
		};
		A78B0DFC2292E0B200D0B275 /* CenteredCollectionViewer */ = {
			isa = PBXGroup;
			children = (
				A78B0DFD2292E0B200D0B275 /* Dot Presentor View */,
				A78B0E002292E0B200D0B275 /* Centered Collection View */,
			);
			path = CenteredCollectionViewer;
			sourceTree = "<group>";
		};
		A78B0DFD2292E0B200D0B275 /* Dot Presentor View */ = {
			isa = PBXGroup;
			children = (
				A78B0DFE2292E0B200D0B275 /* DotStylePresentorView.swift */,
				A78B0DFF2292E0B200D0B275 /* CircleView.swift */,
			);
			path = "Dot Presentor View";
			sourceTree = "<group>";
		};
		A78B0E002292E0B200D0B275 /* Centered Collection View */ = {
			isa = PBXGroup;
			children = (
				A707B41A22E8777E00CA539A /* Centered CollectionView Demo Viewer */,
				A78B0E022292E0B200D0B275 /* CenteredCollectionLayout */,
				A78B0E012292E0B200D0B275 /* CenteredCollectionView.swift */,
			);
			path = "Centered Collection View";
			sourceTree = "<group>";
		};
		A78B0E022292E0B200D0B275 /* CenteredCollectionLayout */ = {
			isa = PBXGroup;
			children = (
				A78B0E032292E0B200D0B275 /* CenteredCollectionViewFlowLayout.swift */,
			);
			path = CenteredCollectionLayout;
			sourceTree = "<group>";
		};
		A78B0E052292E0B200D0B275 /* TimeCollectionView */ = {
			isa = PBXGroup;
			children = (
				A707B41B22E877B200CA539A /* Centered Square CollectionView Flowlayout */,
				A707B41C22E877CE00CA539A /* Centered Square CollectionView Demo Viewer */,
				A78B0E082292E0B200D0B275 /* TimeCollectionView.swift */,
			);
			path = TimeCollectionView;
			sourceTree = "<group>";
		};
		A78B0E0A2292E0B200D0B275 /* VerticalStoplightCollectionView */ = {
			isa = PBXGroup;
			children = (
				A78B0E0B2292E0B200D0B275 /* VerticalLinearCollectionView.swift */,
				A78B0E0C2292E0B200D0B275 /* VerticalSpotlightCollectionViewFlowLayout.swift */,
			);
			path = VerticalStoplightCollectionView;
			sourceTree = "<group>";
		};
		A78B0E182292E13900D0B275 /* ColorCell */ = {
			isa = PBXGroup;
			children = (
				A78B0E192292E13900D0B275 /* ColorCollectionViewCell.xib */,
				A78B0E1A2292E13900D0B275 /* ColorCollectionViewCell.swift */,
			);
			path = ColorCell;
			sourceTree = "<group>";
		};
		A78B0E1D2292E15700D0B275 /* AnalogNumberView */ = {
			isa = PBXGroup;
			children = (
				A78B0E1E2292E15700D0B275 /* AnalogNumberItemView.swift */,
				A78B0E1F2292E15700D0B275 /* AnalogNumberView.swift */,
				A78B0E202292E15700D0B275 /* AnalogTypeLcdItemView.swift */,
			);
			path = AnalogNumberView;
			sourceTree = "<group>";
		};
		A78B0E242292E19300D0B275 /* Cropping View */ = {
			isa = PBXGroup;
			children = (
				A78B0E252292E19300D0B275 /* ImageCroppingView.swift */,
				A71735F522B3FB870098B077 /* Crop Data */,
			);
			path = "Cropping View";
			sourceTree = "<group>";
		};
		A78B0E292292E1EE00D0B275 /* HashtagScrollView */ = {
			isa = PBXGroup;
			children = (
				A78B0E2A2292E1EE00D0B275 /* HashTagItem.swift */,
				A717360422C25E7E0098B077 /* HashTagScrollView.swift */,
				A78B0E2C2292E1EE00D0B275 /* HashTagView.swift */,
			);
			path = HashtagScrollView;
			sourceTree = "<group>";
		};
		A78B0E302292E1FC00D0B275 /* ZommingTransitionDelegate */ = {
			isa = PBXGroup;
			children = (
				A78B0E322292E1FC00D0B275 /* FrameTransitionDelegate.swift */,
				A78B0E312292E1FC00D0B275 /* FrameTransitionDelegate_DismissAnimator.swift */,
				A78B0E332292E1FC00D0B275 /* FrameTransitionDelegate_PresentingAnimator.swift */,
				A7F95E7D22E8184900300776 /* testing codes */,
			);
			path = ZommingTransitionDelegate;
			sourceTree = "<group>";
		};
		A78B0E372292E48500D0B275 /* Photo Module */ = {
			isa = PBXGroup;
			children = (
				A78B0E272292E1AE00D0B275 /* PhotoModule.swift */,
			);
			path = "Photo Module";
			sourceTree = "<group>";
		};
		A78B0E382292E49200D0B275 /* Content View Controller */ = {
			isa = PBXGroup;
			children = (
				A7A6A60F228A4D19001FCA4D /* ContentUIViewController.swift */,
			);
			path = "Content View Controller";
			sourceTree = "<group>";
		};
		A78B0E3F2299465300D0B275 /* Write Sub Views */ = {
			isa = PBXGroup;
			children = (
				A7FBD3C922E4BD09004DCF3F /* Content View Frame Source */,
				A78B0E40229CFFAB00D0B275 /* Giuk Content_Writing */,
			);
			path = "Write Sub Views";
			sourceTree = "<group>";
		};
		A78B0E40229CFFAB00D0B275 /* Giuk Content_Writing */ = {
			isa = PBXGroup;
			children = (
				A7FBD3AA22DC2953004DCF3F /* CreatedData.swift */,
				A78B0E3D2299464E00D0B275 /* Giuk_ContentView_WriteSection.swift */,
				A717360222C0D1840098B077 /* Giuk_ContentView_Writing.swift */,
				A78B0E6122AFF25300D0B275 /* SubViews For Writing */,
			);
			path = "Giuk Content_Writing";
			sourceTree = "<group>";
		};
		A78B0E4922ABDE9200D0B275 /* Garbage Controls */ = {
			isa = PBXGroup;
			children = (
				A7A6A619228B9249001FCA4D /* Giuk_MainFrameViewController.swift */,
				A78B0E392296FB0000D0B275 /* Giuk_MainPage_ViewController.swift */,
			);
			path = "Garbage Controls";
			sourceTree = "<group>";
		};
		A78B0E4E22ABE0F200D0B275 /* SubView */ = {
			isa = PBXGroup;
			children = (
				A78B0E4F22ABE11300D0B275 /* FrameViewController For SubView */,
				A7FBD3B622DC6969004DCF3F /* Write Section */,
				A7FBD3B922DC69BD004DCF3F /* Present Section */,
			);
			path = SubView;
			sourceTree = "<group>";
		};
		A78B0E4F22ABE11300D0B275 /* FrameViewController For SubView */ = {
			isa = PBXGroup;
			children = (
				A78B0E4A22ABDF3100D0B275 /* Giuk_OpenFromFrame_ViewController.swift */,
			);
			path = "FrameViewController For SubView";
			sourceTree = "<group>";
		};
		A78B0E5022ABE12F00D0B275 /* FrameViewController For Main */ = {
			isa = PBXGroup;
			children = (
				A7FBD3BA22DC7C23004DCF3F /* PropertyAnimationLoader.swift */,
				A78B0E47229F6BDC00D0B275 /* Giuk_MainFrame_ViewController.swift */,
				A7FBD3CA22E57FAF004DCF3F /* GiukHashtagScrollView.swift */,
			);
			path = "FrameViewController For Main";
			sourceTree = "<group>";
		};
		A78B0E5B22AFC63F00D0B275 /* Image Cell */ = {
			isa = PBXGroup;
			children = (
				A78B0E5C22AFC7D400D0B275 /* Image_CollectionViewCell.swift */,
			);
			path = "Image Cell";
			sourceTree = "<group>";
		};
		A78B0E6022AFEA8800D0B275 /* FilterModule */ = {
			isa = PBXGroup;
			children = (
				A78B0E5E22AFE8F000D0B275 /* ImageFilterModule.swift */,
			);
			path = FilterModule;
			sourceTree = "<group>";
		};
		A78B0E6122AFF25300D0B275 /* SubViews For Writing */ = {
			isa = PBXGroup;
			children = (
				A78B0E43229D006B00D0B275 /* NonAutomaticScrollView.swift */,
				A717360E22C6831E0098B077 /* Tag Generator */,
				A717360122BD070D0098B077 /* Text Control View */,
				A78B0E6222AFF28200D0B275 /* Photo Control View */,
			);
			path = "SubViews For Writing";
			sourceTree = "<group>";
		};
		A78B0E6222AFF28200D0B275 /* Photo Control View */ = {
			isa = PBXGroup;
			children = (
				A78B0E5B22AFC63F00D0B275 /* Image Cell */,
				A78B0E5522AFBFD000D0B275 /* Giuk_ContentView_SubView_ImageSelectAndCropView.swift */,
			);
			path = "Photo Control View";
			sourceTree = "<group>";
		};
		A7A6A5EE228A4CC9001FCA4D = {
			isa = PBXGroup;
			children = (
				A7A6A5F9228A4CCA001FCA4D /* Gi-ukForMoments */,
				A7A6A5F8228A4CCA001FCA4D /* Products */,
			);
			sourceTree = "<group>";
		};
		A7A6A5F8228A4CCA001FCA4D /* Products */ = {
			isa = PBXGroup;
			children = (
				A7A6A5F7228A4CCA001FCA4D /* Gi-ukForMoments.app */,
			);
			name = Products;
			sourceTree = "<group>";
		};
		A7A6A5F9228A4CCA001FCA4D /* Gi-ukForMoments */ = {
			isa = PBXGroup;
			children = (
				A7A6A5FE228A4CCA001FCA4D /* Main.storyboard */,
				A7A6A616228A4F12001FCA4D /* Generic Support Sources */,
				A7A6A613228A4EB9001FCA4D /* MainView */,
				A78B0E4E22ABE0F200D0B275 /* SubView */,
				A7A6A614228A4EDE001FCA4D /* Supporing Files */,
				A7A6A604228A4CCE001FCA4D /* Assets.xcassets */,
				A7A6A609228A4CCE001FCA4D /* Info.plist */,
				A7A6A606228A4CCE001FCA4D /* LaunchScreen.storyboard */,
				A7A6A615228A4EFB001FCA4D /* Data Model */,
				A78B0E5122AD1CDC00D0B275 /* TextViewTestViewController.swift */,
			);
			path = "Gi-ukForMoments";
			sourceTree = "<group>";
		};
		A7A6A613228A4EB9001FCA4D /* MainView */ = {
			isa = PBXGroup;
			children = (
				A78B0E4922ABDE9200D0B275 /* Garbage Controls */,
				A78B0DF9228D9D4A00D0B275 /* Giuk SubContainer View */,
				A78B0E5022ABE12F00D0B275 /* FrameViewController For Main */,
			);
			path = MainView;
			sourceTree = "<group>";
		};
		A7A6A614228A4EDE001FCA4D /* Supporing Files */ = {
			isa = PBXGroup;
			children = (
				A717360F22CA0E250098B077 /* DescribingSources.swift */,
				A7FBD39E22D2BE96004DCF3F /* ButtonImageNames.swift */,
				A7A6A611228A4EAC001FCA4D /* PublicExtentions.swift */,
				A7A6A5FA228A4CCA001FCA4D /* AppDelegate.swift */,
			);
			path = "Supporing Files";
			sourceTree = "<group>";
		};
		A7A6A615228A4EFB001FCA4D /* Data Model */ = {
			isa = PBXGroup;
			children = (
				A7FBD3A022D35D4B004DCF3F /* Giuk.swift */,
				A7FBD3B422DC37F5004DCF3F /* ThumbnailImage.swift */,
				A7FBD3B022DC3784004DCF3F /* Text.swift */,
				A7FBD3B222DC37A1004DCF3F /* Image.swift */,
				A7FBD3AE22DC375D004DCF3F /* Tag.swift */,
				A7FBD3AC22DC3530004DCF3F /* GiukIndex.swift */,
				A7A6A601228A4CCA001FCA4D /* Gi_ukForMoments.xcdatamodeld */,
			);
			path = "Data Model";
			sourceTree = "<group>";
		};
		A7A6A616228A4F12001FCA4D /* Generic Support Sources */ = {
			isa = PBXGroup;
			children = (
				A7A6A61D228B9C1B001FCA4D /* GenericMultiButtonView.swift */,
				A78B0E5322ADE9FC00D0B275 /* StartWithAnimation_ViewController.swift */,
				A78B0DF7228D9D2900D0B275 /* UIButton_WithIdentifire.swift */,
				A78B0E382292E49200D0B275 /* Content View Controller */,
				A78B0E372292E48500D0B275 /* Photo Module */,
				A78B0E302292E1FC00D0B275 /* ZommingTransitionDelegate */,
				A78B0E292292E1EE00D0B275 /* HashtagScrollView */,
				A78B0E242292E19300D0B275 /* Cropping View */,
				A78B0DFB2292E0B100D0B275 /* Focusing Based CollectionViews */,
				A78B0E6022AFEA8800D0B275 /* FilterModule */,
				A78B0E1D2292E15700D0B275 /* AnalogNumberView */,
				A78B0DFA228D9D8900D0B275 /* Grid Managers */,
				A7FBD3A722D74AE0004DCF3F /* CA Layer Samples */,
			);
			path = "Generic Support Sources";
			sourceTree = "<group>";
		};
		A7F95E7D22E8184900300776 /* testing codes */ = {
			isa = PBXGroup;
			children = (
				A7FBD3CC22E71581004DCF3F /* TransitionManager.swift */,
			);
			path = "testing codes";
			sourceTree = "<group>";
		};
		A7F95E7E22E8187100300776 /* Presenting Cells */ = {
			isa = PBXGroup;
			children = (
				A7FBD3BC22DD7BB1004DCF3F /* GiukViewerCollectionViewCell.swift */,
				A7FBD3C722E30F07004DCF3F /* ThumbnailCollectionViewCell.swift */,
			);
			path = "Presenting Cells";
			sourceTree = "<group>";
		};
		A7FBD3A722D74AE0004DCF3F /* CA Layer Samples */ = {
			isa = PBXGroup;
			children = (
				A7FBD3A522D74ACD004DCF3F /* RadialGradientLayer.swift */,
			);
			path = "CA Layer Samples";
			sourceTree = "<group>";
		};
		A7FBD3B622DC6969004DCF3F /* Write Section */ = {
			isa = PBXGroup;
			children = (
				A78B0E45229F50BA00D0B275 /* WriteSectionViewController.swift */,
				A78B0E3F2299465300D0B275 /* Write Sub Views */,
			);
			path = "Write Section";
			sourceTree = "<group>";
		};
		A7FBD3B922DC69BD004DCF3F /* Present Section */ = {
			isa = PBXGroup;
			children = (
				A7FBD3B722DC69B2004DCF3F /* GiukViewerViewController.swift */,
				A7F95E7E22E8187100300776 /* Presenting Cells */,
				A7FBD3C222DDEDAE004DCF3F /* Present Sub Views */,
			);
			path = "Present Section";
			sourceTree = "<group>";
		};
		A7FBD3C222DDEDAE004DCF3F /* Present Sub Views */ = {
			isa = PBXGroup;
			children = (
				A7FBD3BE22DD9119004DCF3F /* PresentGiukView.swift */,
				A7FBD3C022DDED7A004DCF3F /* PresentTextView.swift */,
				A7FBD3C522E1F7CA004DCF3F /* BookFlowLayout.swift */,
				A707B41822E8635E00CA539A /* PageCounterLabel.swift */,
			);
			path = "Present Sub Views";
			sourceTree = "<group>";
		};
		A7FBD3C922E4BD09004DCF3F /* Content View Frame Source */ = {
			isa = PBXGroup;
			children = (
				A78B0E3B22993FB100D0B275 /* Giuk_ContentView.swift */,
			);
			path = "Content View Frame Source";
			sourceTree = "<group>";
		};
/* End PBXGroup section */

/* Begin PBXNativeTarget section */
		A7A6A5F6228A4CCA001FCA4D /* Gi-ukForMoments */ = {
			isa = PBXNativeTarget;
			buildConfigurationList = A7A6A60C228A4CCE001FCA4D /* Build configuration list for PBXNativeTarget "Gi-ukForMoments" */;
			buildPhases = (
				A7A6A5F3228A4CCA001FCA4D /* Sources */,
				A7A6A5F4228A4CCA001FCA4D /* Frameworks */,
				A7A6A5F5228A4CCA001FCA4D /* Resources */,
			);
			buildRules = (
			);
			dependencies = (
			);
			name = "Gi-ukForMoments";
			productName = "Gi-ukForMoments";
			productReference = A7A6A5F7228A4CCA001FCA4D /* Gi-ukForMoments.app */;
			productType = "com.apple.product-type.application";
		};
/* End PBXNativeTarget section */

/* Begin PBXProject section */
		A7A6A5EF228A4CC9001FCA4D /* Project object */ = {
			isa = PBXProject;
			attributes = {
				LastSwiftUpdateCheck = 1020;
				LastUpgradeCheck = 1020;
				ORGANIZATIONNAME = goya;
				TargetAttributes = {
					A7A6A5F6228A4CCA001FCA4D = {
						CreatedOnToolsVersion = 10.2.1;
					};
				};
			};
			buildConfigurationList = A7A6A5F2228A4CC9001FCA4D /* Build configuration list for PBXProject "Gi-ukForMoments" */;
			compatibilityVersion = "Xcode 9.3";
			developmentRegion = en;
			hasScannedForEncodings = 0;
			knownRegions = (
				en,
				Base,
			);
			mainGroup = A7A6A5EE228A4CC9001FCA4D;
			productRefGroup = A7A6A5F8228A4CCA001FCA4D /* Products */;
			projectDirPath = "";
			projectRoot = "";
			targets = (
				A7A6A5F6228A4CCA001FCA4D /* Gi-ukForMoments */,
			);
		};
/* End PBXProject section */

/* Begin PBXResourcesBuildPhase section */
		A7A6A5F5228A4CCA001FCA4D /* Resources */ = {
			isa = PBXResourcesBuildPhase;
			buildActionMask = 2147483647;
			files = (
				A7A6A608228A4CCE001FCA4D /* LaunchScreen.storyboard in Resources */,
				A7A6A605228A4CCE001FCA4D /* Assets.xcassets in Resources */,
				A78B0E1B2292E13900D0B275 /* ColorCollectionViewCell.xib in Resources */,
				A7A6A600228A4CCA001FCA4D /* Main.storyboard in Resources */,
			);
			runOnlyForDeploymentPostprocessing = 0;
		};
/* End PBXResourcesBuildPhase section */

/* Begin PBXSourcesBuildPhase section */
		A7A6A5F3228A4CCA001FCA4D /* Sources */ = {
			isa = PBXSourcesBuildPhase;
			buildActionMask = 2147483647;
			files = (
				A7FBD3C622E1F7CA004DCF3F /* BookFlowLayout.swift in Sources */,
				A78B0E4D22ABDFE900D0B275 /* AnimationButtonView.swift in Sources */,
				A78B0E5622AFBFD000D0B275 /* Giuk_ContentView_SubView_ImageSelectAndCropView.swift in Sources */,
				A78B0E0F2292E0B200D0B275 /* CenteredCollectionView.swift in Sources */,
				A7FBD39F22D2BE96004DCF3F /* ButtonImageNames.swift in Sources */,
				A7A6A610228A4D1A001FCA4D /* ContentUIViewController.swift in Sources */,
				A78B0E132292E0B200D0B275 /* TimeCollectionViewer.swift in Sources */,
				A7A6A61A228B9249001FCA4D /* Giuk_MainFrameViewController.swift in Sources */,
				A7A6A603228A4CCA001FCA4D /* Gi_ukForMoments.xcdatamodeld in Sources */,
				A7FBD3B322DC37A1004DCF3F /* Image.swift in Sources */,
				A717360322C0D1840098B077 /* Giuk_ContentView_Writing.swift in Sources */,
				A78B0E122292E0B200D0B275 /* CenteredSquareTypeCollectionViewFlowlayout.swift in Sources */,
				A78B0E162292E0B200D0B275 /* VerticalLinearCollectionView.swift in Sources */,
				A7FBD3BD22DD7BB1004DCF3F /* GiukViewerCollectionViewCell.swift in Sources */,
				A78B0E2D2292E1EE00D0B275 /* HashTagItem.swift in Sources */,
				A78B0E5422ADE9FD00D0B275 /* StartWithAnimation_ViewController.swift in Sources */,
				A78B0E232292E15700D0B275 /* AnalogTypeLcdItemView.swift in Sources */,
				A7A6A61E228B9C1B001FCA4D /* GenericMultiButtonView.swift in Sources */,
				A78B0E142292E0B200D0B275 /* TimeCollectionView.swift in Sources */,
				A78B0E2F2292E1EE00D0B275 /* HashTagView.swift in Sources */,
				A78B0E222292E15700D0B275 /* AnalogNumberView.swift in Sources */,
				A78B0E5F22AFE8F000D0B275 /* ImageFilterModule.swift in Sources */,
				A717361022CA0E250098B077 /* DescribingSources.swift in Sources */,
				A717360D22C5CA740098B077 /* TagInformation.swift in Sources */,
				A71735F022B3E0D20098B077 /* Giuk_ContentView_WritingTextView.swift in Sources */,
				A7FBD3B522DC37F5004DCF3F /* ThumbnailImage.swift in Sources */,
				A78B0E362292E1FC00D0B275 /* FrameTransitionDelegate_PresentingAnimator.swift in Sources */,
				A7FBD3AF22DC375D004DCF3F /* Tag.swift in Sources */,
				A78B0E5222AD1CDC00D0B275 /* TextViewTestViewController.swift in Sources */,
				A7FBD3C822E30F07004DCF3F /* ThumbnailCollectionViewCell.swift in Sources */,
				A7A6A620228BA048001FCA4D /* ButtonGridManager.swift in Sources */,
				A7FBD3A922D9EBB6004DCF3F /* ThumbnailInformation.swift in Sources */,
				A78B0E4B22ABDF3100D0B275 /* Giuk_OpenFromFrame_ViewController.swift in Sources */,
				A78B0E152292E0B200D0B275 /* FocusingIndexBasedCollectionview.swift in Sources */,
				A7FBD3BF22DD9119004DCF3F /* PresentGiukView.swift in Sources */,
				A78B0DF6228D39F600D0B275 /* Giuk_MainFrame_ContainerView.swift in Sources */,
				A707B41922E8635E00CA539A /* PageCounterLabel.swift in Sources */,
				A7FBD3CD22E71581004DCF3F /* TransitionManager.swift in Sources */,
				A7FBD3B122DC3784004DCF3F /* Text.swift in Sources */,
				A78B0E0E2292E0B200D0B275 /* CircleView.swift in Sources */,
				A78B0DF8228D9D2900D0B275 /* UIButton_WithIdentifire.swift in Sources */,
				A78B0E46229F50BA00D0B275 /* WriteSectionViewController.swift in Sources */,
				A71735F422B3FB6D0098B077 /* CroppedImageInformation.swift in Sources */,
				A7FBD3AD22DC3530004DCF3F /* GiukIndex.swift in Sources */,
				A7FBD3C122DDED7A004DCF3F /* PresentTextView.swift in Sources */,
				A7FBD3BB22DC7C23004DCF3F /* PropertyAnimationLoader.swift in Sources */,
				A78B0E212292E15700D0B275 /* AnalogNumberItemView.swift in Sources */,
				A78B0E48229F6BDC00D0B275 /* Giuk_MainFrame_ViewController.swift in Sources */,
				A717360B22C5CA000098B077 /* TextFieldWithContainer.swift in Sources */,
				A78B0E3A2296FB0000D0B275 /* Giuk_MainPage_ViewController.swift in Sources */,
				A717360922C5C9D50098B077 /* LabelWithContainer.swift in Sources */,
				A7A6A612228A4EAC001FCA4D /* PublicExtentions.swift in Sources */,
				A78B0E262292E19300D0B275 /* ImageCroppingView.swift in Sources */,
				A78B0E1C2292E13900D0B275 /* ColorCollectionViewCell.swift in Sources */,
				A78B0E172292E0B200D0B275 /* VerticalSpotlightCollectionViewFlowLayout.swift in Sources */,
				A78B0E3E2299464E00D0B275 /* Giuk_ContentView_WriteSection.swift in Sources */,
				A78B0E102292E0B200D0B275 /* CenteredCollectionViewFlowLayout.swift in Sources */,
				A71735F222B3FB470098B077 /* CropInformation.swift in Sources */,
				A7FBD3AB22DC2953004DCF3F /* CreatedData.swift in Sources */,
				A7FBD3A622D74ACD004DCF3F /* RadialGradientLayer.swift in Sources */,
				A78B0E3C22993FB100D0B275 /* Giuk_ContentView.swift in Sources */,
				A7FBD3A122D35D4B004DCF3F /* Giuk.swift in Sources */,
				A717360722C491230098B077 /* TagGenerator.swift in Sources */,
				A78B0E282292E1AE00D0B275 /* PhotoModule.swift in Sources */,
				A78B0E352292E1FC00D0B275 /* FrameTransitionDelegate.swift in Sources */,
				A717360522C25E7E0098B077 /* HashTagScrollView.swift in Sources */,
				A78B0E44229D006B00D0B275 /* NonAutomaticScrollView.swift in Sources */,
				A7FBD3B822DC69B2004DCF3F /* GiukViewerViewController.swift in Sources */,
				A7A6A5FB228A4CCA001FCA4D /* AppDelegate.swift in Sources */,
				A78B0E342292E1FC00D0B275 /* FrameTransitionDelegate_DismissAnimator.swift in Sources */,
				A7FBD3CB22E57FAF004DCF3F /* GiukHashtagScrollView.swift in Sources */,
				A78B0E0D2292E0B200D0B275 /* DotStylePresentorView.swift in Sources */,
				A78B0E5D22AFC7D400D0B275 /* Image_CollectionViewCell.swift in Sources */,
				A78B0E112292E0B200D0B275 /* CenteredContentCollectionStyleViewer.swift in Sources */,
			);
			runOnlyForDeploymentPostprocessing = 0;
		};
/* End PBXSourcesBuildPhase section */

/* Begin PBXVariantGroup section */
		A7A6A5FE228A4CCA001FCA4D /* Main.storyboard */ = {
			isa = PBXVariantGroup;
			children = (
				A7A6A5FF228A4CCA001FCA4D /* Base */,
			);
			name = Main.storyboard;
			sourceTree = "<group>";
		};
		A7A6A606228A4CCE001FCA4D /* LaunchScreen.storyboard */ = {
			isa = PBXVariantGroup;
			children = (
				A7A6A607228A4CCE001FCA4D /* Base */,
			);
			name = LaunchScreen.storyboard;
			sourceTree = "<group>";
		};
/* End PBXVariantGroup section */

/* Begin XCBuildConfiguration section */
		A7A6A60A228A4CCE001FCA4D /* Debug */ = {
			isa = XCBuildConfiguration;
			buildSettings = {
				ALWAYS_SEARCH_USER_PATHS = NO;
				CLANG_ANALYZER_NONNULL = YES;
				CLANG_ANALYZER_NUMBER_OBJECT_CONVERSION = YES_AGGRESSIVE;
				CLANG_CXX_LANGUAGE_STANDARD = "gnu++14";
				CLANG_CXX_LIBRARY = "libc++";
				CLANG_ENABLE_MODULES = YES;
				CLANG_ENABLE_OBJC_ARC = YES;
				CLANG_ENABLE_OBJC_WEAK = YES;
				CLANG_WARN_BLOCK_CAPTURE_AUTORELEASING = YES;
				CLANG_WARN_BOOL_CONVERSION = YES;
				CLANG_WARN_COMMA = YES;
				CLANG_WARN_CONSTANT_CONVERSION = YES;
				CLANG_WARN_DEPRECATED_OBJC_IMPLEMENTATIONS = YES;
				CLANG_WARN_DIRECT_OBJC_ISA_USAGE = YES_ERROR;
				CLANG_WARN_DOCUMENTATION_COMMENTS = YES;
				CLANG_WARN_EMPTY_BODY = YES;
				CLANG_WARN_ENUM_CONVERSION = YES;
				CLANG_WARN_INFINITE_RECURSION = YES;
				CLANG_WARN_INT_CONVERSION = YES;
				CLANG_WARN_NON_LITERAL_NULL_CONVERSION = YES;
				CLANG_WARN_OBJC_IMPLICIT_RETAIN_SELF = YES;
				CLANG_WARN_OBJC_LITERAL_CONVERSION = YES;
				CLANG_WARN_OBJC_ROOT_CLASS = YES_ERROR;
				CLANG_WARN_RANGE_LOOP_ANALYSIS = YES;
				CLANG_WARN_STRICT_PROTOTYPES = YES;
				CLANG_WARN_SUSPICIOUS_MOVE = YES;
				CLANG_WARN_UNGUARDED_AVAILABILITY = YES_AGGRESSIVE;
				CLANG_WARN_UNREACHABLE_CODE = YES;
				CLANG_WARN__DUPLICATE_METHOD_MATCH = YES;
				CODE_SIGN_IDENTITY = "iPhone Developer";
				COPY_PHASE_STRIP = NO;
				DEBUG_INFORMATION_FORMAT = dwarf;
				ENABLE_STRICT_OBJC_MSGSEND = YES;
				ENABLE_TESTABILITY = YES;
				GCC_C_LANGUAGE_STANDARD = gnu11;
				GCC_DYNAMIC_NO_PIC = NO;
				GCC_NO_COMMON_BLOCKS = YES;
				GCC_OPTIMIZATION_LEVEL = 0;
				GCC_PREPROCESSOR_DEFINITIONS = (
					"DEBUG=1",
					"$(inherited)",
				);
				GCC_WARN_64_TO_32_BIT_CONVERSION = YES;
				GCC_WARN_ABOUT_RETURN_TYPE = YES_ERROR;
				GCC_WARN_UNDECLARED_SELECTOR = YES;
				GCC_WARN_UNINITIALIZED_AUTOS = YES_AGGRESSIVE;
				GCC_WARN_UNUSED_FUNCTION = YES;
				GCC_WARN_UNUSED_VARIABLE = YES;
				IPHONEOS_DEPLOYMENT_TARGET = 12.2;
				MTL_ENABLE_DEBUG_INFO = INCLUDE_SOURCE;
				MTL_FAST_MATH = YES;
				ONLY_ACTIVE_ARCH = YES;
				SDKROOT = iphoneos;
				SWIFT_ACTIVE_COMPILATION_CONDITIONS = DEBUG;
				SWIFT_OPTIMIZATION_LEVEL = "-Onone";
			};
			name = Debug;
		};
		A7A6A60B228A4CCE001FCA4D /* Release */ = {
			isa = XCBuildConfiguration;
			buildSettings = {
				ALWAYS_SEARCH_USER_PATHS = NO;
				CLANG_ANALYZER_NONNULL = YES;
				CLANG_ANALYZER_NUMBER_OBJECT_CONVERSION = YES_AGGRESSIVE;
				CLANG_CXX_LANGUAGE_STANDARD = "gnu++14";
				CLANG_CXX_LIBRARY = "libc++";
				CLANG_ENABLE_MODULES = YES;
				CLANG_ENABLE_OBJC_ARC = YES;
				CLANG_ENABLE_OBJC_WEAK = YES;
				CLANG_WARN_BLOCK_CAPTURE_AUTORELEASING = YES;
				CLANG_WARN_BOOL_CONVERSION = YES;
				CLANG_WARN_COMMA = YES;
				CLANG_WARN_CONSTANT_CONVERSION = YES;
				CLANG_WARN_DEPRECATED_OBJC_IMPLEMENTATIONS = YES;
				CLANG_WARN_DIRECT_OBJC_ISA_USAGE = YES_ERROR;
				CLANG_WARN_DOCUMENTATION_COMMENTS = YES;
				CLANG_WARN_EMPTY_BODY = YES;
				CLANG_WARN_ENUM_CONVERSION = YES;
				CLANG_WARN_INFINITE_RECURSION = YES;
				CLANG_WARN_INT_CONVERSION = YES;
				CLANG_WARN_NON_LITERAL_NULL_CONVERSION = YES;
				CLANG_WARN_OBJC_IMPLICIT_RETAIN_SELF = YES;
				CLANG_WARN_OBJC_LITERAL_CONVERSION = YES;
				CLANG_WARN_OBJC_ROOT_CLASS = YES_ERROR;
				CLANG_WARN_RANGE_LOOP_ANALYSIS = YES;
				CLANG_WARN_STRICT_PROTOTYPES = YES;
				CLANG_WARN_SUSPICIOUS_MOVE = YES;
				CLANG_WARN_UNGUARDED_AVAILABILITY = YES_AGGRESSIVE;
				CLANG_WARN_UNREACHABLE_CODE = YES;
				CLANG_WARN__DUPLICATE_METHOD_MATCH = YES;
				CODE_SIGN_IDENTITY = "iPhone Developer";
				COPY_PHASE_STRIP = NO;
				DEBUG_INFORMATION_FORMAT = "dwarf-with-dsym";
				ENABLE_NS_ASSERTIONS = NO;
				ENABLE_STRICT_OBJC_MSGSEND = YES;
				GCC_C_LANGUAGE_STANDARD = gnu11;
				GCC_NO_COMMON_BLOCKS = YES;
				GCC_WARN_64_TO_32_BIT_CONVERSION = YES;
				GCC_WARN_ABOUT_RETURN_TYPE = YES_ERROR;
				GCC_WARN_UNDECLARED_SELECTOR = YES;
				GCC_WARN_UNINITIALIZED_AUTOS = YES_AGGRESSIVE;
				GCC_WARN_UNUSED_FUNCTION = YES;
				GCC_WARN_UNUSED_VARIABLE = YES;
				IPHONEOS_DEPLOYMENT_TARGET = 12.2;
				MTL_ENABLE_DEBUG_INFO = NO;
				MTL_FAST_MATH = YES;
				SDKROOT = iphoneos;
				SWIFT_COMPILATION_MODE = wholemodule;
				SWIFT_OPTIMIZATION_LEVEL = "-O";
				VALIDATE_PRODUCT = YES;
			};
			name = Release;
		};
		A7A6A60D228A4CCE001FCA4D /* Debug */ = {
			isa = XCBuildConfiguration;
			buildSettings = {
				ASSETCATALOG_COMPILER_APPICON_NAME = AppIcon;
				CODE_SIGN_STYLE = Automatic;
				DEVELOPMENT_TEAM = Y44ARMYDQD;
				INFOPLIST_FILE = "Gi-ukForMoments/Info.plist";
				LD_RUNPATH_SEARCH_PATHS = (
					"$(inherited)",
					"@executable_path/Frameworks",
				);
				PRODUCT_BUNDLE_IDENTIFIER = "com.goya-ent.woosuntest.Gi-ukForMoments";
				PRODUCT_NAME = "$(TARGET_NAME)";
				SWIFT_VERSION = 5.0;
				TARGETED_DEVICE_FAMILY = "1,2";
			};
			name = Debug;
		};
		A7A6A60E228A4CCE001FCA4D /* Release */ = {
			isa = XCBuildConfiguration;
			buildSettings = {
				ASSETCATALOG_COMPILER_APPICON_NAME = AppIcon;
				CODE_SIGN_STYLE = Automatic;
				DEVELOPMENT_TEAM = Y44ARMYDQD;
				INFOPLIST_FILE = "Gi-ukForMoments/Info.plist";
				LD_RUNPATH_SEARCH_PATHS = (
					"$(inherited)",
					"@executable_path/Frameworks",
				);
				PRODUCT_BUNDLE_IDENTIFIER = "com.goya-ent.woosuntest.Gi-ukForMoments";
				PRODUCT_NAME = "$(TARGET_NAME)";
				SWIFT_VERSION = 5.0;
				TARGETED_DEVICE_FAMILY = "1,2";
			};
			name = Release;
		};
/* End XCBuildConfiguration section */

/* Begin XCConfigurationList section */
		A7A6A5F2228A4CC9001FCA4D /* Build configuration list for PBXProject "Gi-ukForMoments" */ = {
			isa = XCConfigurationList;
			buildConfigurations = (
				A7A6A60A228A4CCE001FCA4D /* Debug */,
				A7A6A60B228A4CCE001FCA4D /* Release */,
			);
			defaultConfigurationIsVisible = 0;
			defaultConfigurationName = Release;
		};
		A7A6A60C228A4CCE001FCA4D /* Build configuration list for PBXNativeTarget "Gi-ukForMoments" */ = {
			isa = XCConfigurationList;
			buildConfigurations = (
				A7A6A60D228A4CCE001FCA4D /* Debug */,
				A7A6A60E228A4CCE001FCA4D /* Release */,
			);
			defaultConfigurationIsVisible = 0;
			defaultConfigurationName = Release;
		};
/* End XCConfigurationList section */

/* Begin XCVersionGroup section */
		A7A6A601228A4CCA001FCA4D /* Gi_ukForMoments.xcdatamodeld */ = {
			isa = XCVersionGroup;
			children = (
				A7A6A602228A4CCA001FCA4D /* Gi_ukForMoments.xcdatamodel */,
			);
			currentVersion = A7A6A602228A4CCA001FCA4D /* Gi_ukForMoments.xcdatamodel */;
			path = Gi_ukForMoments.xcdatamodeld;
			sourceTree = "<group>";
			versionGroupType = wrapper.xcdatamodel;
		};
/* End XCVersionGroup section */
	};
	rootObject = A7A6A5EF228A4CC9001FCA4D /* Project object */;
}
